<?xml version="1.0" encoding="utf-8"?>
<Project ToolsVersion="4.0" xmlns="http://schemas.microsoft.com/developer/msbuild/2003">
  <ItemGroup>
    <ClCompile Include="src\animation.c">
      <Filter>Source Files</Filter>
    </ClCompile>
    <Filter Include="Source Files">
      <UniqueIdentifier>{4FC737F1-C7A5-4376-A066-2A32D752A2FF}</UniqueIdentifier>
      <Extensions>cpp;c;cc;cxx;def;odl;idl;hpj;bat;asm;asmx</Extensions>
    </Filter>
    <Filter Include="Header Files">
      <UniqueIdentifier>{93995380-89BD-4b04-88EB-625FBE52EBFB}</UniqueIdentifier>
      <Extensions>h;hpp;hxx;hm;inl;inc;xsd</Extensions>
    </Filter>
    <Filter Include="Resource Files">
      <UniqueIdentifier>{67DA6AB6-F800-4c08-8B7A-83BB121AAD01}</UniqueIdentifier>
      <Extensions>rc;ico;cur;bmp;dlg;rc2;rct;bin;rgs;gif;jpg;jpeg;jpe;resx;tiff;tif;png;wav;mfcribbon-ms</Extensions>
    </Filter>
    <Filter Include="Source Files\asm">
      <UniqueIdentifier>{016ab9cb-d8e8-489b-89cf-74be0175ec0f}</UniqueIdentifier>
    </Filter>
  </ItemGroup>
  <ItemGroup>
    <ClInclude Include="src\h\animation.h">
      <Filter>Header Files</Filter>
    </ClInclude>
    <ClCompile Include="src\convert.c">
      <Filter>Source Files</Filter>
    </ClCompile>
    <ClCompile Include="src\debug.c">
      <Filter>Source Files</Filter>
    </ClCompile>
    <ClCompile Include="src\draw.c">
      <Filter>Source Files</Filter>
    </ClCompile>
    <ClCompile Include="src\hil.c">
      <Filter>Source Files</Filter>
    </ClCompile>
    <ClCompile Include="src\main.c">
      <Filter>Source Files</Filter>
    </ClCompile>
    <ClCompile Include="src\menu.c">
      <Filter>Source Files</Filter>
    </ClCompile>
    <ClCompile Include="src\pal.c">
      <Filter>Source Files</Filter>
    </ClCompile>
    <ClCompile Include="src\pattern.c">
      <Filter>Source Files</Filter>
    </ClCompile>
    <ClCompile Include="src\picture.c">
      <Filter>Source Files</Filter>
    </ClCompile>
    <ClCompile Include="src\pitch.c">
      <Filter>Source Files</Filter>
    </ClCompile>
    <ClCompile Include="src\printstr.c">
      <Filter>Source Files</Filter>
    </ClCompile>
    <ClCompile Include="src\swspr.c">
      <Filter>Source Files</Filter>
    </ClCompile>
    <ClCompile Include="src\util.c">
      <Filter>Source Files</Filter>
    </ClCompile>
    <ClCompile Include="src\versus.c">
      <Filter>Source Files</Filter>
    </ClCompile>
    <ClCompile Include="src\wndproc.c">
      <Filter>Source Files</Filter>
    </ClCompile>
    <ClCompile Include="src\pitchUndo.c">
      <Filter>Source Files</Filter>
    </ClCompile>
    <ClCompile Include="src\alloc.c">
      <Filter>Source Files</Filter>
    </ClCompile>
    <ClCompile Include="src\file.c">
      <Filter>Source Files</Filter>
    </ClCompile>
  </ItemGroup>
  <ItemGroup>
    <None Include="res\sws.ico">
      <Filter>Resource Files</Filter>
    </None>
    <None Include="res\cursor.cur">
      <Filter>Resource Files</Filter>
    </None>
  </ItemGroup>
  <ItemGroup>
    <ResourceCompile Include="src\swspr.rc">
      <Filter>Source Files</Filter>
    </ResourceCompile>
  </ItemGroup>
  <ItemGroup>
    <ClInclude Include="src\h\convert.h">
      <Filter>Header Files</Filter>
    </ClInclude>
    <ClInclude Include="src\h\debug.h">
      <Filter>Header Files</Filter>
    </ClInclude>
    <ClInclude Include="src\h\draw.h">
      <Filter>Header Files</Filter>
    </ClInclude>
    <ClInclude Include="src\h\global.h">
      <Filter>Header Files</Filter>
    </ClInclude>
    <ClInclude Include="src\h\hil.h">
      <Filter>Header Files</Filter>
    </ClInclude>
    <ClInclude Include="src\h\menu.h">
      <Filter>Header Files</Filter>
    </ClInclude>
    <ClInclude Include="src\h\pattern.h">
      <Filter>Header Files</Filter>
    </ClInclude>
    <ClInclude Include="src\h\picture.h">
      <Filter>Header Files</Filter>
    </ClInclude>
    <ClInclude Include="src\h\pitch.h">
      <Filter>Header Files</Filter>
    </ClInclude>
    <ClInclude Include="src\h\printstr.h">
      <Filter>Header Files</Filter>
    </ClInclude>
    <ClInclude Include="src\h\swspr.h">
      <Filter>Header Files</Filter>
    </ClInclude>
    <ClInclude Include="src\h\util.h">
      <Filter>Header Files</Filter>
    </ClInclude>
    <ClInclude Include="src\h\versus.h">
      <Filter>Header Files</Filter>
    </ClInclude>
    <ClInclude Include="src\h\pitchUndo.h">
      <Filter>Header Files</Filter>
    </ClInclude>
    <ClInclude Include="src\h\alloc.h">
      <Filter>Header Files</Filter>
    </ClInclude>
    <ClInclude Include="src\h\file.h">
      <Filter>Header Files</Filter>
    </ClInclude>
  </ItemGroup>
  <ItemGroup>
    <CustomBuild Include="src\asm\drawspr.asm">
      <Filter>Source Files\asm</Filter>
    </CustomBuild>
    <CustomBuild Include="src\asm\chain.asm">
      <Filter>Source Files\asm</Filter>
    </CustomBuild>
  </ItemGroup>
</Project>
