<?xml version="1.0" encoding="utf-8"?>
<Project ToolsVersion="4.0" xmlns="http://schemas.microsoft.com/developer/msbuild/2003">
  <ItemGroup>
    <Filter Include="Source Files">
      <UniqueIdentifier>{4FC737F1-C7A5-4376-A066-2A32D752A2FF}</UniqueIdentifier>
      <Extensions>cpp;c;cc;cxx;def;odl;idl;hpj;bat;asm;asmx</Extensions>
    </Filter>
    <Filter Include="Source Files\debug">
      <UniqueIdentifier>{17fb11e0-ae3c-431c-8383-13eaab94c0c2}</UniqueIdentifier>
    </Filter>
    <Filter Include="Source Files\controls">
      <UniqueIdentifier>{501283ed-b2d5-4054-9630-2b0e1148860f}</UniqueIdentifier>
    </Filter>
    <Filter Include="Source Files\audio">
      <UniqueIdentifier>{1ad788a0-4e43-4409-ad52-099103dbcbf5}</UniqueIdentifier>
    </Filter>
    <Filter Include="Source Files\video">
      <UniqueIdentifier>{18482253-5ebd-4fd2-baa0-0c9da9ded338}</UniqueIdentifier>
    </Filter>
    <Filter Include="Source Files\files">
      <UniqueIdentifier>{4800e06c-3655-4578-8462-47ab0e00ad44}</UniqueIdentifier>
    </Filter>
    <Filter Include="Source Files\menus">
      <UniqueIdentifier>{298749e9-7815-41de-b5ca-8f839b8c6c5f}</UniqueIdentifier>
    </Filter>
    <Filter Include="Source Files\replays">
      <UniqueIdentifier>{41f64120-d366-4863-bea2-e6977c1880ea}</UniqueIdentifier>
    </Filter>
    <Filter Include="Source Files\game\bench">
      <UniqueIdentifier>{54b7d4b6-6f1d-46a3-b507-8e6dffe1060f}</UniqueIdentifier>
    </Filter>
    <Filter Include="Source Files\util">
      <UniqueIdentifier>{1b193c43-49b7-40f0-8dc0-c8c5057d9532}</UniqueIdentifier>
    </Filter>
    <Filter Include="Source Files\swos-cpp">
      <UniqueIdentifier>{e38b7d3e-bb51-468d-a035-0b85295d3990}</UniqueIdentifier>
    </Filter>
    <Filter Include="Source Files\text">
      <UniqueIdentifier>{69793b52-024c-4ba5-910e-a699e8807b16}</UniqueIdentifier>
    </Filter>
    <Filter Include="Source Files\controls\joypads">
      <UniqueIdentifier>{08d29585-cfec-4eac-a856-3ad69e2c4736}</UniqueIdentifier>
    </Filter>
    <Filter Include="Source Files\controls\keyboard">
      <UniqueIdentifier>{131e3747-2bdc-4d89-8d94-d3257143e991}</UniqueIdentifier>
    </Filter>
    <Filter Include="Source Files\controls\mouse">
      <UniqueIdentifier>{efdc46da-f903-47fc-b262-f780946d8d41}</UniqueIdentifier>
    </Filter>
    <Filter Include="Source Files\controls\joypads\ui">
      <UniqueIdentifier>{8c4f3191-086d-4432-b5b3-0cf95d79752d}</UniqueIdentifier>
    </Filter>
    <Filter Include="Source Files\sprites">
      <UniqueIdentifier>{2fd2a6b9-d96c-4cfe-8ea6-47d5089d412f}</UniqueIdentifier>
    </Filter>
    <Filter Include="Source Files\game">
      <UniqueIdentifier>{b0cbedb8-743a-4b01-a300-3f80ae179c3d}</UniqueIdentifier>
    </Filter>
    <Filter Include="Source Files\menus\engine">
      <UniqueIdentifier>{c529217a-2223-415b-8b64-39927307e623}</UniqueIdentifier>
    </Filter>
    <Filter Include="Source Files\game\pitch">
      <UniqueIdentifier>{c1d057e2-d728-4ed1-97b0-03a75a3dc434}</UniqueIdentifier>
    </Filter>
  </ItemGroup>
  <ItemGroup>
    <ClCompile Include="..\..\..\src\main.cpp">
      <Filter>Source Files</Filter>
    </ClCompile>
    <ClCompile Include="..\..\..\src\stdinc.cpp">
      <Filter>Source Files</Filter>
    </ClCompile>
    <ClCompile Include="..\..\..\src\init.cpp">
      <Filter>Source Files</Filter>
    </ClCompile>
    <ClCompile Include="..\..\..\src\crash.cpp">
      <Filter>Source Files</Filter>
    </ClCompile>
    <ClCompile Include="..\..\..\src\options.cpp">
      <Filter>Source Files</Filter>
    </ClCompile>
    <ClCompile Include="..\..\..\src\debug\dump.cpp">
      <Filter>Source Files\debug</Filter>
    </ClCompile>
    <ClCompile Include="..\..\..\src\audio\audio.cpp">
      <Filter>Source Files\audio</Filter>
    </ClCompile>
    <ClCompile Include="..\..\..\src\audio\music.cpp">
      <Filter>Source Files\audio</Filter>
    </ClCompile>
    <ClCompile Include="..\..\..\src\controls\controls.cpp">
      <Filter>Source Files\controls</Filter>
    </ClCompile>
    <ClCompile Include="..\..\..\src\controls\controlOptionsMenu.cpp">
      <Filter>Source Files\controls</Filter>
    </ClCompile>
    <ClCompile Include="..\..\..\src\video\render.cpp">
      <Filter>Source Files\video</Filter>
    </ClCompile>
    <ClCompile Include="..\..\..\src\video\videoOptionsMenu.cpp">
      <Filter>Source Files\video</Filter>
    </ClCompile>
    <ClCompile Include="..\..\..\src\files\file.cpp">
      <Filter>Source Files\files</Filter>
    </ClCompile>
    <ClCompile Include="..\..\..\src\files\selectFilesMenu.cpp">
      <Filter>Source Files\files</Filter>
    </ClCompile>
    <ClCompile Include="..\..\..\src\audio\chants.cpp">
      <Filter>Source Files\audio</Filter>
    </ClCompile>
    <ClCompile Include="..\..\..\src\audio\comments.cpp">
      <Filter>Source Files\audio</Filter>
    </ClCompile>
    <ClCompile Include="..\..\..\src\audio\sfx.cpp">
      <Filter>Source Files\audio</Filter>
    </ClCompile>
    <ClCompile Include="..\..\..\src\audio\SoundSample.cpp">
      <Filter>Source Files\audio</Filter>
    </ClCompile>
    <ClCompile Include="..\..\..\src\replays\replays.cpp">
      <Filter>Source Files\replays</Filter>
    </ClCompile>
    <ClCompile Include="..\..\..\src\game\bench\bench.cpp">
      <Filter>Source Files\game\bench</Filter>
    </ClCompile>
    <ClCompile Include="..\..\..\src\replays\replaysMenu.cpp">
      <Filter>Source Files\replays</Filter>
    </ClCompile>
    <ClCompile Include="..\..\..\src\replays\ReplayDataStorage.cpp">
      <Filter>Source Files\replays</Filter>
    </ClCompile>
    <ClCompile Include="..\..\..\src\replays\replayOptions.cpp">
      <Filter>Source Files\replays</Filter>
    </ClCompile>
    <ClCompile Include="..\..\..\src\util\util.cpp">
      <Filter>Source Files\util</Filter>
    </ClCompile>
    <ClCompile Include="..\..\..\src\menus\mainMenu.cpp">
      <Filter>Source Files\menus</Filter>
    </ClCompile>
    <ClCompile Include="..\..\..\tmp\swos-cpp-gen-$(PlatformArchitecture)\swos-01.cpp">
      <Filter>Source Files\swos-cpp</Filter>
    </ClCompile>
    <ClCompile Include="..\..\..\tmp\swos-cpp-gen-$(PlatformArchitecture)\swos-02.cpp">
      <Filter>Source Files\swos-cpp</Filter>
    </ClCompile>
    <ClCompile Include="..\..\..\tmp\swos-cpp-gen-$(PlatformArchitecture)\swos-03.cpp">
      <Filter>Source Files\swos-cpp</Filter>
    </ClCompile>
    <ClCompile Include="..\..\..\tmp\swos-cpp-gen-$(PlatformArchitecture)\swos-04.cpp">
      <Filter>Source Files\swos-cpp</Filter>
    </ClCompile>
    <ClCompile Include="..\..\..\tmp\swos-cpp-gen-$(PlatformArchitecture)\swos-05.cpp">
      <Filter>Source Files\swos-cpp</Filter>
    </ClCompile>
    <ClCompile Include="..\..\..\tmp\swos-cpp-gen-$(PlatformArchitecture)\swos-06.cpp">
      <Filter>Source Files\swos-cpp</Filter>
    </ClCompile>
    <ClCompile Include="..\..\..\tmp\swos-cpp-gen-$(PlatformArchitecture)\swos-07.cpp">
      <Filter>Source Files\swos-cpp</Filter>
    </ClCompile>
    <ClCompile Include="..\..\..\tmp\swos-cpp-gen-$(PlatformArchitecture)\swos-08.cpp">
      <Filter>Source Files\swos-cpp</Filter>
    </ClCompile>
    <ClCompile Include="..\..\..\tmp\swos-cpp-gen-$(PlatformArchitecture)\vm.cpp">
      <Filter>Source Files\swos-cpp</Filter>
    </ClCompile>
    <ClCompile Include="..\..\..\src\text\text.cpp">
      <Filter>Source Files\text</Filter>
    </ClCompile>
    <ClCompile Include="..\..\..\src\controls\joypads\joypads.cpp">
      <Filter>Source Files\controls\joypads</Filter>
    </ClCompile>
    <ClCompile Include="..\..\..\src\controls\joypads\Joypad.cpp">
      <Filter>Source Files\controls\joypads</Filter>
    </ClCompile>
    <ClCompile Include="..\..\..\src\controls\joypads\JoypadConfig.cpp">
      <Filter>Source Files\controls\joypads</Filter>
    </ClCompile>
    <ClCompile Include="..\..\..\src\controls\joypads\JoypadConfigRegister.cpp">
      <Filter>Source Files\controls\joypads</Filter>
    </ClCompile>
    <ClCompile Include="..\..\..\src\controls\joypads\JoypadGuidConfig.cpp">
      <Filter>Source Files\controls\joypads</Filter>
    </ClCompile>
    <ClCompile Include="..\..\..\src\controls\joypads\SdlMappingParser.cpp">
      <Filter>Source Files\controls\joypads</Filter>
    </ClCompile>
    <ClCompile Include="..\..\..\src\controls\keyboard\keyBuffer.cpp">
      <Filter>Source Files\controls\keyboard</Filter>
    </ClCompile>
    <ClCompile Include="..\..\..\src\controls\keyboard\scancodes.cpp">
      <Filter>Source Files\controls\keyboard</Filter>
    </ClCompile>
    <ClCompile Include="..\..\..\src\controls\keyboard\keyboard.cpp">
      <Filter>Source Files\controls\keyboard</Filter>
    </ClCompile>
    <ClCompile Include="..\..\..\src\controls\keyboard\KeyConfig.cpp">
      <Filter>Source Files\controls\keyboard</Filter>
    </ClCompile>
    <ClCompile Include="..\..\..\src\controls\mouse\mouse.cpp">
      <Filter>Source Files\controls\mouse</Filter>
    </ClCompile>
    <ClCompile Include="..\..\..\src\controls\joypads\VirtualJoypad.cpp">
      <Filter>Source Files\controls\joypads</Filter>
    </ClCompile>
    <ClCompile Include="..\..\..\src\controls\keyboard\setupKeyboardMenu.cpp">
      <Filter>Source Files\controls\keyboard</Filter>
    </ClCompile>
    <ClCompile Include="..\..\..\src\controls\gameControlEvents.cpp">
      <Filter>Source Files\controls</Filter>
    </ClCompile>
    <ClCompile Include="..\..\..\src\controls\selectGameControlEventsMenu.cpp">
      <Filter>Source Files\controls</Filter>
    </ClCompile>
    <ClCompile Include="..\..\..\src\controls\keyboard\redefineKeysMenu.cpp">
      <Filter>Source Files\controls\keyboard</Filter>
    </ClCompile>
    <ClCompile Include="..\..\..\src\controls\keyboard\testKeyboardMenu.cpp">
      <Filter>Source Files\controls\keyboard</Filter>
    </ClCompile>
    <ClCompile Include="..\..\..\src\controls\menuControls.cpp">
      <Filter>Source Files\controls</Filter>
    </ClCompile>
    <ClCompile Include="..\..\..\src\controls\joypads\ui\joypadConfigMenu.cpp">
      <Filter>Source Files\controls\joypads\ui</Filter>
    </ClCompile>
    <ClCompile Include="..\..\..\src\controls\joypads\ui\configureHatMenu.cpp">
      <Filter>Source Files\controls\joypads\ui</Filter>
    </ClCompile>
    <ClCompile Include="..\..\..\src\controls\joypads\ui\configureAxisMenu.cpp">
      <Filter>Source Files\controls\joypads\ui</Filter>
    </ClCompile>
    <ClCompile Include="..\..\..\src\controls\joypads\ui\configureTrackballMenu.cpp">
      <Filter>Source Files\controls\joypads\ui</Filter>
    </ClCompile>
    <ClCompile Include="..\..\..\src\controls\joypads\ui\joypadQuickConfigMenu.cpp">
      <Filter>Source Files\controls\joypads\ui</Filter>
    </ClCompile>
    <ClCompile Include="..\..\..\src\controls\quickConfigMenu.cpp">
      <Filter>Source Files\controls\joypads</Filter>
    </ClCompile>
    <ClCompile Include="..\..\..\src\controls\joypads\ui\testJoypadMenu.cpp">
      <Filter>Source Files\controls\joypads\ui</Filter>
    </ClCompile>
    <ClCompile Include="..\..\..\src\controls\testControlsMenu.cpp">
      <Filter>Source Files\controls</Filter>
    </ClCompile>
    <ClCompile Include="..\..\..\src\controls\joypads\JoypadElementValue.cpp">
      <Filter>Source Files\controls\joypads</Filter>
    </ClCompile>
    <ClCompile Include="..\..\..\src\controls\selectMatchControls.cpp">
      <Filter>Source Files\controls</Filter>
    </ClCompile>
    <ClCompile Include="..\..\..\src\controls\gameControls.cpp">
      <Filter>Source Files\controls</Filter>
    </ClCompile>
    <ClCompile Include="..\..\..\src\video\windowManager.cpp">
      <Filter>Source Files\video</Filter>
    </ClCompile>
    <ClCompile Include="..\..\..\src\text\textInput.cpp">
      <Filter>Source Files\text</Filter>
    </ClCompile>
    <ClCompile Include="..\..\..\src\video\windowModeMenu.cpp">
      <Filter>Source Files\video</Filter>
    </ClCompile>
    <ClCompile Include="..\..\..\src\sprites\sprites.cpp">
      <Filter>Source Files\sprites</Filter>
    </ClCompile>
    <ClCompile Include="..\..\..\src\game\game.cpp">
      <Filter>Source Files\game</Filter>
    </ClCompile>
    <ClCompile Include="..\..\..\src\game\gameTime.cpp">
      <Filter>Source Files\game</Filter>
    </ClCompile>
    <ClCompile Include="..\..\..\src\game\replayExitMenu.cpp">
      <Filter>Source Files\game</Filter>
    </ClCompile>
    <ClCompile Include="..\..\..\src\sprites\colorizeSprites.cpp">
      <Filter>Source Files\sprites</Filter>
    </ClCompile>
    <ClCompile Include="..\..\..\src\util\log.cpp">
      <Filter>Source Files\util</Filter>
    </ClCompile>
    <ClCompile Include="..\..\..\src\sprites\loadTexture.cpp">
      <Filter>Source Files\sprites</Filter>
    </ClCompile>
    <ClCompile Include="..\..\..\src\game\camera.cpp">
      <Filter>Source Files\game</Filter>
    </ClCompile>
    <ClCompile Include="..\..\..\src\game\result.cpp">
      <Filter>Source Files\game</Filter>
    </ClCompile>
    <ClCompile Include="..\..\..\src\game\stats.cpp">
      <Filter>Source Files\game</Filter>
    </ClCompile>
    <ClCompile Include="..\..\..\src\game\darkRectangle.cpp">
      <Filter>Source Files\game</Filter>
    </ClCompile>
    <ClCompile Include="..\..\..\src\game\playerNameDisplay.cpp">
      <Filter>Source Files\game</Filter>
    </ClCompile>
    <ClCompile Include="..\..\..\src\game\updateBall.cpp">
      <Filter>Source Files\game</Filter>
    </ClCompile>
    <ClCompile Include="..\..\..\src\sprites\renderSprites.cpp">
      <Filter>Source Files\sprites</Filter>
    </ClCompile>
    <ClCompile Include="..\..\..\src\sprites\gameSprites.cpp">
      <Filter>Source Files\sprites</Filter>
    </ClCompile>
    <ClCompile Include="..\..\..\src\game\gameLoop.cpp">
      <Filter>Source Files\game</Filter>
    </ClCompile>
    <ClCompile Include="..\..\..\src\sprites\spinningLogo.cpp">
      <Filter>Source Files\sprites</Filter>
    </ClCompile>
    <ClCompile Include="..\..\..\src\util\random.cpp">
      <Filter>Source Files\util</Filter>
    </ClCompile>
    <ClCompile Include="..\..\..\src\game\bench\benchControls.cpp">
      <Filter>Source Files\game\bench</Filter>
    </ClCompile>
    <ClCompile Include="..\..\..\src\game\bench\drawBench.cpp">
      <Filter>Source Files\game\bench</Filter>
    </ClCompile>
    <ClCompile Include="..\..\..\src\game\color.cpp">
      <Filter>Source Files\game</Filter>
    </ClCompile>
    <ClCompile Include="..\..\..\src\menus\continueAbortMenu.cpp">
      <Filter>Source Files\menus</Filter>
    </ClCompile>
    <ClCompile Include="..\..\..\src\menus\engine\drawMenu.cpp">
      <Filter>Source Files\menus\engine</Filter>
    </ClCompile>
    <ClCompile Include="..\..\..\src\menus\engine\menuAlloc.cpp">
      <Filter>Source Files\menus\engine</Filter>
    </ClCompile>
    <ClCompile Include="..\..\..\src\menus\engine\menuBackground.cpp">
      <Filter>Source Files\menus\engine</Filter>
    </ClCompile>
    <ClCompile Include="..\..\..\src\menus\engine\MenuEntry.cpp">
      <Filter>Source Files\menus\engine</Filter>
    </ClCompile>
    <ClCompile Include="..\..\..\src\menus\engine\menuItemRenderer.cpp">
      <Filter>Source Files\menus\engine</Filter>
    </ClCompile>
    <ClCompile Include="..\..\..\src\menus\engine\menuMouse.cpp">
      <Filter>Source Files\menus\engine</Filter>
    </ClCompile>
    <ClCompile Include="..\..\..\src\menus\engine\menuProc.cpp">
      <Filter>Source Files\menus\engine</Filter>
    </ClCompile>
    <ClCompile Include="..\..\..\src\menus\engine\menus.cpp">
      <Filter>Source Files\menus\engine</Filter>
    </ClCompile>
    <ClCompile Include="..\..\..\src\menus\engine\unpackMenu.cpp">
      <Filter>Source Files\menus\engine</Filter>
    </ClCompile>
    <ClCompile Include="..\..\..\src\menus\versusMenu.cpp">
      <Filter>Source Files\menus</Filter>
    </ClCompile>
    <ClCompile Include="..\..\..\src\menus\stadiumMenu.cpp">
      <Filter>Source Files\menus</Filter>
    </ClCompile>
    <ClCompile Include="..\..\..\src\menus\continueMenu.cpp">
      <Filter>Source Files\menus</Filter>
    </ClCompile>
    <ClCompile Include="..\..\..\src\replays\LegacyReplayConverter.cpp">
      <Filter>Source Files\replays</Filter>
    </ClCompile>
    <ClCompile Include="..\..\..\src\video\timer.cpp">
      <Filter>Source Files\video</Filter>
    </ClCompile>
    <ClCompile Include="..\..\..\src\game\pitch\pitch.cpp">
      <Filter>Source Files\game\pitch</Filter>
    </ClCompile>
    <ClCompile Include="..\..\..\src\game\referee.cpp">
      <Filter>Source Files\game</Filter>
    </ClCompile>
  </ItemGroup>
  <ItemGroup>
    <ClInclude Include="..\..\..\src\swos.h">
      <Filter>Source Files</Filter>
    </ClInclude>
    <ClInclude Include="..\..\..\src\crash.h">
      <Filter>Source Files</Filter>
    </ClInclude>
    <ClInclude Include="..\..\..\src\options.h">
      <Filter>Source Files</Filter>
    </ClInclude>
    <ClInclude Include="..\..\..\src\debug\dump.h">
      <Filter>Source Files\debug</Filter>
    </ClInclude>
    <ClInclude Include="..\..\..\src\controls\controls.h">
      <Filter>Source Files\controls</Filter>
    </ClInclude>
    <ClInclude Include="..\..\..\src\audio\audio.h">
      <Filter>Source Files\audio</Filter>
    </ClInclude>
    <ClInclude Include="..\..\..\src\audio\music.h">
      <Filter>Source Files\audio</Filter>
    </ClInclude>
    <ClInclude Include="..\..\..\src\controls\controlOptionsMenu.h">
      <Filter>Source Files\controls</Filter>
    </ClInclude>
    <ClInclude Include="..\..\..\src\video\render.h">
      <Filter>Source Files\video</Filter>
    </ClInclude>
    <ClInclude Include="..\..\..\src\files\file.h">
      <Filter>Source Files\files</Filter>
    </ClInclude>
    <ClInclude Include="..\..\..\src\files\selectFilesMenu.h">
      <Filter>Source Files\files</Filter>
    </ClInclude>
    <ClInclude Include="..\..\..\src\audio\chants.h">
      <Filter>Source Files\audio</Filter>
    </ClInclude>
    <ClInclude Include="..\..\..\src\audio\sfx.h">
      <Filter>Source Files\audio</Filter>
    </ClInclude>
    <ClInclude Include="..\..\..\src\audio\SoundSample.h">
      <Filter>Source Files\audio</Filter>
    </ClInclude>
    <ClInclude Include="..\..\..\src\audio\comments.h">
      <Filter>Source Files\audio</Filter>
    </ClInclude>
    <ClInclude Include="..\..\..\src\audio\wavFormat.h">
      <Filter>Source Files\audio</Filter>
    </ClInclude>
    <ClInclude Include="..\..\..\src\stdinc.h">
      <Filter>Source Files</Filter>
    </ClInclude>
    <ClInclude Include="..\..\..\src\assert.h">
      <Filter>Source Files</Filter>
    </ClInclude>
    <ClInclude Include="..\..\..\src\replays\replays.h">
      <Filter>Source Files\replays</Filter>
    </ClInclude>
    <ClInclude Include="..\..\..\src\replays\replaysMenu.h">
      <Filter>Source Files\replays</Filter>
    </ClInclude>
    <ClInclude Include="..\..\..\src\replays\ReplayDataStorage.h">
      <Filter>Source Files\replays</Filter>
    </ClInclude>
    <ClInclude Include="..\..\..\src\replays\replayOptions.h">
      <Filter>Source Files\replays</Filter>
    </ClInclude>
    <ClInclude Include="..\..\..\src\util\util.h">
      <Filter>Source Files\util</Filter>
    </ClInclude>
    <ClInclude Include="..\..\..\src\util\fetch.h">
      <Filter>Source Files\util</Filter>
    </ClInclude>
    <ClInclude Include="..\..\..\src\menus\mainMenu.h">
      <Filter>Source Files\menus</Filter>
    </ClInclude>
    <ClInclude Include="..\..\..\src\text\text.h">
      <Filter>Source Files\text</Filter>
    </ClInclude>
    <ClInclude Include="..\..\..\src\util\flags.h">
      <Filter>Source Files\util</Filter>
    </ClInclude>
    <ClInclude Include="..\..\..\src\controls\joypads\joypads.h">
      <Filter>Source Files\controls\joypads</Filter>
    </ClInclude>
    <ClInclude Include="..\..\..\src\controls\joypads\Joypad.h">
      <Filter>Source Files\controls\joypads</Filter>
    </ClInclude>
    <ClInclude Include="..\..\..\src\controls\joypads\JoypadConfig.h">
      <Filter>Source Files\controls\joypads</Filter>
    </ClInclude>
    <ClInclude Include="..\..\..\src\controls\joypads\JoypadConfigRegister.h">
      <Filter>Source Files\controls\joypads</Filter>
    </ClInclude>
    <ClInclude Include="..\..\..\src\controls\joypads\JoypadGuidConfig.h">
      <Filter>Source Files\controls\joypads</Filter>
    </ClInclude>
    <ClInclude Include="..\..\..\src\controls\joypads\SdlMappingParser.h">
      <Filter>Source Files\controls\joypads</Filter>
    </ClInclude>
    <ClInclude Include="..\..\..\src\controls\gameControlEvents.h">
      <Filter>Source Files\controls</Filter>
    </ClInclude>
    <ClInclude Include="..\..\..\src\controls\keyboard\keyBuffer.h">
      <Filter>Source Files\controls\keyboard</Filter>
    </ClInclude>
    <ClInclude Include="..\..\..\src\controls\keyboard\scancodes.h">
      <Filter>Source Files\controls\keyboard</Filter>
    </ClInclude>
    <ClInclude Include="..\..\..\src\controls\keyboard\keyboard.h">
      <Filter>Source Files\controls\keyboard</Filter>
    </ClInclude>
    <ClInclude Include="..\..\..\src\controls\keyboard\KeyConfig.h">
      <Filter>Source Files\controls\keyboard</Filter>
    </ClInclude>
    <ClInclude Include="..\..\..\src\controls\mouse\mouse.h">
      <Filter>Source Files\controls\mouse</Filter>
    </ClInclude>
    <ClInclude Include="..\..\..\src\controls\joypads\VirtualJoypad.h">
      <Filter>Source Files\controls\joypads</Filter>
    </ClInclude>
    <ClInclude Include="..\..\..\src\controls\keyboard\setupKeyboardMenu.h">
      <Filter>Source Files\controls\keyboard</Filter>
    </ClInclude>
    <ClInclude Include="..\..\..\src\controls\selectGameControlEventsMenu.h">
      <Filter>Source Files\controls</Filter>
    </ClInclude>
    <ClInclude Include="..\..\..\src\controls\keyboard\redefineKeysMenu.h">
      <Filter>Source Files\controls\keyboard</Filter>
    </ClInclude>
    <ClInclude Include="..\..\..\src\controls\keyboard\testKeyboardMenu.h">
      <Filter>Source Files\controls\keyboard</Filter>
    </ClInclude>
    <ClInclude Include="..\..\..\src\controls\menuControls.h">
      <Filter>Source Files\controls</Filter>
    </ClInclude>
    <ClInclude Include="..\..\..\src\controls\joypads\ui\joypadConfigMenu.h">
      <Filter>Source Files\controls\joypads\ui</Filter>
    </ClInclude>
    <ClInclude Include="..\..\..\src\controls\joypads\ui\configureHatMenu.h">
      <Filter>Source Files\controls\joypads\ui</Filter>
    </ClInclude>
    <ClInclude Include="..\..\..\src\controls\joypads\ui\configureAxisMenu.h">
      <Filter>Source Files\controls\joypads\ui</Filter>
    </ClInclude>
    <ClInclude Include="..\..\..\src\controls\joypads\ui\configureTrackballMenu.h">
      <Filter>Source Files\controls\joypads\ui</Filter>
    </ClInclude>
    <ClInclude Include="..\..\..\src\controls\joypads\ui\joypadQuickConfigMenu.h">
      <Filter>Source Files\controls\joypads\ui</Filter>
    </ClInclude>
    <ClInclude Include="..\..\..\src\controls\quickConfigMenu.h">
      <Filter>Source Files\controls\joypads</Filter>
    </ClInclude>
    <ClInclude Include="..\..\..\src\controls\joypads\ui\testJoypadMenu.h">
      <Filter>Source Files\controls\joypads\ui</Filter>
    </ClInclude>
    <ClInclude Include="..\..\..\src\controls\testControlsMenu.h">
      <Filter>Source Files\controls</Filter>
    </ClInclude>
    <ClInclude Include="..\..\..\src\controls\joypads\JoypadElementValue.h">
      <Filter>Source Files\controls\joypads</Filter>
    </ClInclude>
    <ClInclude Include="..\..\..\src\controls\selectMatchControls.h">
      <Filter>Source Files\controls</Filter>
    </ClInclude>
    <ClInclude Include="..\..\..\src\controls\gameControls.h">
      <Filter>Source Files\controls</Filter>
    </ClInclude>
    <ClInclude Include="..\..\..\src\video\windowManager.h">
      <Filter>Source Files\video</Filter>
    </ClInclude>
    <ClInclude Include="..\..\..\src\text\textInput.h">
      <Filter>Source Files\text</Filter>
    </ClInclude>
    <ClInclude Include="..\..\..\src\video\windowModeMenu.h">
      <Filter>Source Files\video</Filter>
    </ClInclude>
    <ClInclude Include="..\..\..\src\video\videoOptionsMenu.h">
      <Filter>Source Files\video</Filter>
    </ClInclude>
    <ClInclude Include="..\..\..\src\init.h">
      <Filter>Source Files</Filter>
    </ClInclude>
    <ClInclude Include="..\..\..\src\sprites\sprites.h">
      <Filter>Source Files\sprites</Filter>
    </ClInclude>
    <ClInclude Include="..\..\..\src\sprites\PackedSprite.h">
      <Filter>Source Files\sprites</Filter>
    </ClInclude>
    <ClInclude Include="..\..\..\src\game\game.h">
      <Filter>Source Files\game</Filter>
    </ClInclude>
    <ClInclude Include="..\..\..\src\game\gameTime.h">
      <Filter>Source Files\game</Filter>
    </ClInclude>
    <ClInclude Include="..\..\..\src\sprites\colorizeSprites.h">
      <Filter>Source Files\sprites</Filter>
    </ClInclude>
    <ClInclude Include="..\..\..\src\util\log.h">
      <Filter>Source Files\util</Filter>
    </ClInclude>
    <ClInclude Include="..\..\..\src\sprites\loadTexture.h">
      <Filter>Source Files\sprites</Filter>
    </ClInclude>
    <ClInclude Include="..\..\..\src\game\camera.h">
      <Filter>Source Files\game</Filter>
    </ClInclude>
    <ClInclude Include="..\..\..\src\util\FixedPoint.h">
      <Filter>Source Files\util</Filter>
    </ClInclude>
    <ClInclude Include="..\..\..\src\game\result.h">
      <Filter>Source Files\game</Filter>
    </ClInclude>
    <ClInclude Include="..\..\..\src\game\darkRectangle.h">
      <Filter>Source Files\game</Filter>
    </ClInclude>
    <ClInclude Include="..\..\..\src\game\playerNameDisplay.h">
      <Filter>Source Files\game</Filter>
    </ClInclude>
    <ClInclude Include="..\..\..\src\sprites\renderSprites.h">
      <Filter>Source Files\sprites</Filter>
    </ClInclude>
    <ClInclude Include="..\..\..\src\sprites\gameSprites.h">
      <Filter>Source Files\sprites</Filter>
    </ClInclude>
    <ClInclude Include="..\..\..\src\game\gameLoop.h">
      <Filter>Source Files\game</Filter>
    </ClInclude>
    <ClInclude Include="..\..\..\src\sprites\spinningLogo.h">
      <Filter>Source Files\sprites</Filter>
    </ClInclude>
    <ClInclude Include="..\..\..\src\game\bench\bench.h">
      <Filter>Source Files\game\bench</Filter>
    </ClInclude>
    <ClInclude Include="..\..\..\src\util\random.h">
      <Filter>Source Files\util</Filter>
    </ClInclude>
    <ClInclude Include="..\..\..\src\game\replayExitMenu.h">
      <Filter>Source Files\game</Filter>
    </ClInclude>
    <ClInclude Include="..\..\..\src\game\bench\benchControls.h">
      <Filter>Source Files\game\bench</Filter>
    </ClInclude>
    <ClInclude Include="..\..\..\src\game\bench\drawBench.h">
      <Filter>Source Files\game\bench</Filter>
    </ClInclude>
    <ClInclude Include="..\..\..\src\game\color.h">
      <Filter>Source Files\game</Filter>
    </ClInclude>
    <ClInclude Include="..\..\..\src\menus\continueAbortMenu.h">
      <Filter>Source Files\menus</Filter>
    </ClInclude>
    <ClInclude Include="..\..\..\src\replays\hilFile.h">
      <Filter>Source Files\replays</Filter>
    </ClInclude>
    <ClInclude Include="..\..\..\src\game\stats.h">
      <Filter>Source Files\game</Filter>
    </ClInclude>
    <ClInclude Include="..\..\..\src\menus\engine\drawMenu.h">
      <Filter>Source Files\menus\engine</Filter>
    </ClInclude>
    <ClInclude Include="..\..\..\src\menus\engine\menuAlloc.h">
      <Filter>Source Files\menus\engine</Filter>
    </ClInclude>
    <ClInclude Include="..\..\..\src\menus\engine\menuBackground.h">
      <Filter>Source Files\menus\engine</Filter>
    </ClInclude>
    <ClInclude Include="..\..\..\src\menus\engine\menuCodes.h">
      <Filter>Source Files\menus\engine</Filter>
    </ClInclude>
    <ClInclude Include="..\..\..\src\menus\engine\MenuEntry.h">
      <Filter>Source Files\menus\engine</Filter>
    </ClInclude>
    <ClInclude Include="..\..\..\src\menus\engine\menuItemRenderer.h">
      <Filter>Source Files\menus\engine</Filter>
    </ClInclude>
    <ClInclude Include="..\..\..\src\menus\engine\menuMouse.h">
      <Filter>Source Files\menus\engine</Filter>
    </ClInclude>
    <ClInclude Include="..\..\..\src\menus\engine\menuProc.h">
      <Filter>Source Files\menus\engine</Filter>
    </ClInclude>
    <ClInclude Include="..\..\..\src\menus\engine\menus.h">
      <Filter>Source Files\menus\engine</Filter>
    </ClInclude>
    <ClInclude Include="..\..\..\src\menus\versusMenu.h">
      <Filter>Source Files\menus</Filter>
    </ClInclude>
    <ClInclude Include="..\..\..\src\menus\stadiumMenu.h">
      <Filter>Source Files\menus</Filter>
    </ClInclude>
    <ClInclude Include="..\..\..\src\menus\continueMenu.h">
      <Filter>Source Files\menus</Filter>
    </ClInclude>
    <ClInclude Include="..\..\..\src\replays\LegacyReplayConverter.h">
      <Filter>Source Files\replays</Filter>
    </ClInclude>
    <ClInclude Include="..\..\..\src\video\timer.h">
      <Filter>Source Files\video</Filter>
    </ClInclude>
    <ClInclude Include="..\..\..\src\menus\engine\Menu.h">
      <Filter>Source Files\menus\engine</Filter>
    </ClInclude>
    <ClInclude Include="..\..\..\src\game\pitch\pitch.h">
      <Filter>Source Files\game\pitch</Filter>
    </ClInclude>
    <ClInclude Include="..\..\..\src\game\pitch\pitchConstants.h">
      <Filter>Source Files\game\pitch</Filter>
    </ClInclude>
    <ClInclude Include="..\..\..\src\game\referee.h">
      <Filter>Source Files\game</Filter>
    </ClInclude>
  </ItemGroup>
  <ItemGroup>
    <None Include="..\mnu.mh.tmLanguage" />
    <None Include="cpp.hint" />
  </ItemGroup>
  <ItemGroup>
    <Natvis Include="..\Types.natvis" />
  </ItemGroup>
</Project>