<?xml version="1.0" encoding="utf-8"?>
<Project ToolsVersion="4.0" xmlns="http://schemas.microsoft.com/developer/msbuild/2003">
  <ItemGroup>
    <Filter Include="Source Files">
      <UniqueIdentifier>{4FC737F1-C7A5-4376-A066-2A32D752A2FF}</UniqueIdentifier>
      <Extensions>cpp;c;cc;cxx;def;odl;idl;hpj;bat;asm;asmx</Extensions>
    </Filter>
    <Filter Include="Source Files\OutputItem">
      <UniqueIdentifier>{535a9b95-fcdc-40b3-9a24-b4a91362ee1e}</UniqueIdentifier>
    </Filter>
    <Filter Include="Source Files\OutputWriter">
      <UniqueIdentifier>{17af2817-29e6-4c55-90e3-4d6e6086029d}</UniqueIdentifier>
    </Filter>
    <Filter Include="Source Files\Util">
      <UniqueIdentifier>{e8d28754-f4b0-4e52-98bc-4024ab1d9dfa}</UniqueIdentifier>
    </Filter>
    <Filter Include="gen-lookup">
      <UniqueIdentifier>{acd012a1-a75b-43b4-af70-71fac8a0bc41}</UniqueIdentifier>
    </Filter>
    <Filter Include="Source Files\InputSymbols">
      <UniqueIdentifier>{c743d517-8b33-4320-a755-92a5dac2b635}</UniqueIdentifier>
    </Filter>
    <Filter Include="Source Files\Parser">
      <UniqueIdentifier>{735e1f23-bd9c-4456-9ab5-683ef803a237}</UniqueIdentifier>
    </Filter>
  </ItemGroup>
  <ItemGroup>
    <ClCompile Include="..\ida2asm\src\AsmConverter.cpp">
      <Filter>Source Files</Filter>
    </ClCompile>
    <ClCompile Include="..\ida2asm\src\AsmConverterWorker.cpp">
      <Filter>Source Files</Filter>
    </ClCompile>
    <ClCompile Include="..\ida2asm\src\DefinesMap.cpp">
      <Filter>Source Files</Filter>
    </ClCompile>
    <ClCompile Include="..\ida2asm\src\main.cpp">
      <Filter>Source Files</Filter>
    </ClCompile>
    <ClCompile Include="..\ida2asm\src\References.cpp">
      <Filter>Source Files</Filter>
    </ClCompile>
    <ClCompile Include="..\ida2asm\src\Struct.cpp">
      <Filter>Source Files</Filter>
    </ClCompile>
    <ClCompile Include="..\ida2asm\src\Tokenizer.cpp">
      <Filter>Source Files</Filter>
    </ClCompile>
    <ClCompile Include="..\ida2asm\src\OutputItem\Instruction.cpp">
      <Filter>Source Files\OutputItem</Filter>
    </ClCompile>
    <ClCompile Include="..\ida2asm\src\OutputItem\Directive.cpp">
      <Filter>Source Files\OutputItem</Filter>
    </ClCompile>
    <ClCompile Include="..\ida2asm\src\OutputItem\OutputItem.cpp">
      <Filter>Source Files\OutputItem</Filter>
    </ClCompile>
    <ClCompile Include="..\ida2asm\src\OutputItem\Segment.cpp">
      <Filter>Source Files\OutputItem</Filter>
    </ClCompile>
    <ClCompile Include="..\ida2asm\src\OutputItem\DataItem.cpp">
      <Filter>Source Files\OutputItem</Filter>
    </ClCompile>
    <ClCompile Include="..\ida2asm\src\OutputItem\Label.cpp">
      <Filter>Source Files\OutputItem</Filter>
    </ClCompile>
    <ClCompile Include="..\ida2asm\src\OutputItem\EndProc.cpp">
      <Filter>Source Files\OutputItem</Filter>
    </ClCompile>
    <ClCompile Include="..\ida2asm\src\OutputItem\StackVariable.cpp">
      <Filter>Source Files\OutputItem</Filter>
    </ClCompile>
    <ClCompile Include="..\ida2asm\src\OutputItem\Proc.cpp">
      <Filter>Source Files\OutputItem</Filter>
    </ClCompile>
    <ClCompile Include="..\ida2asm\src\OutputWriter\MasmOutput.cpp">
      <Filter>Source Files\OutputWriter</Filter>
    </ClCompile>
    <ClCompile Include="..\ida2asm\src\OutputWriter\OutputWriter.cpp">
      <Filter>Source Files\OutputWriter</Filter>
    </ClCompile>
    <ClCompile Include="..\ida2asm\src\OutputWriter\OutputFactory.cpp">
      <Filter>Source Files\OutputWriter</Filter>
    </ClCompile>
    <ClCompile Include="..\ida2asm\src\OutputWriter\VerbatimOutput.cpp">
      <Filter>Source Files\OutputWriter</Filter>
    </ClCompile>
    <ClCompile Include="..\ida2asm\src\Util\StringSet.cpp">
      <Filter>Source Files\Util</Filter>
    </ClCompile>
    <ClCompile Include="..\ida2asm\src\Util\Util.cpp">
      <Filter>Source Files\Util</Filter>
    </ClCompile>
    <ClCompile Include="..\ida2asm\src\Util\DynaArray.cpp">
      <Filter>Source Files\Util</Filter>
    </ClCompile>
    <ClCompile Include="..\ida2asm\src\Util\StringView.cpp">
      <Filter>Source Files\Util</Filter>
    </ClCompile>
    <ClCompile Include="..\ida2asm\src\stdinc.cpp">
      <Filter>Source Files</Filter>
    </ClCompile>
    <ClCompile Include="..\ida2asm\src\Util\StringList.cpp">
      <Filter>Source Files\Util</Filter>
    </ClCompile>
    <ClCompile Include="..\ida2asm\src\Parser\IdaAsmParser.cpp">
      <Filter>Source Files\Parser</Filter>
    </ClCompile>
    <ClCompile Include="..\ida2asm\src\InputSymbols\ProcHookList.cpp">
      <Filter>Source Files\InputSymbols</Filter>
    </ClCompile>
    <ClCompile Include="..\ida2asm\src\InputSymbols\SymbolFileParser.cpp">
      <Filter>Source Files\InputSymbols</Filter>
    </ClCompile>
    <ClCompile Include="..\ida2asm\src\InputSymbols\SymbolTable.cpp">
      <Filter>Source Files\InputSymbols</Filter>
    </ClCompile>
    <ClCompile Include="..\ida2asm\src\OutputWriter\COutput.cpp">
      <Filter>Source Files\OutputWriter</Filter>
    </ClCompile>
  </ItemGroup>
  <ItemGroup>
    <ClInclude Include="..\ida2asm\src\AsmConverter.h">
      <Filter>Source Files</Filter>
    </ClInclude>
    <ClInclude Include="..\ida2asm\src\AsmConverterWorker.h">
      <Filter>Source Files</Filter>
    </ClInclude>
    <ClInclude Include="..\ida2asm\src\DefinesMap.h">
      <Filter>Source Files</Filter>
    </ClInclude>
    <ClInclude Include="..\ida2asm\src\References.h">
      <Filter>Source Files</Filter>
    </ClInclude>
    <ClInclude Include="..\ida2asm\src\Struct.h">
      <Filter>Source Files</Filter>
    </ClInclude>
    <ClInclude Include="..\ida2asm\src\Tokenizer.h">
      <Filter>Source Files</Filter>
    </ClInclude>
    <ClInclude Include="..\ida2asm\src\OutputItem\Instruction.h">
      <Filter>Source Files\OutputItem</Filter>
    </ClInclude>
    <ClInclude Include="..\ida2asm\src\OutputItem\OutputItem.h">
      <Filter>Source Files\OutputItem</Filter>
    </ClInclude>
    <ClInclude Include="..\ida2asm\src\OutputItem\Directive.h">
      <Filter>Source Files\OutputItem</Filter>
    </ClInclude>
    <ClInclude Include="..\ida2asm\src\OutputItem\Segment.h">
      <Filter>Source Files\OutputItem</Filter>
    </ClInclude>
    <ClInclude Include="..\ida2asm\src\OutputItem\DataItem.h">
      <Filter>Source Files\OutputItem</Filter>
    </ClInclude>
    <ClInclude Include="..\ida2asm\src\OutputItem\Label.h">
      <Filter>Source Files\OutputItem</Filter>
    </ClInclude>
    <ClInclude Include="..\ida2asm\src\OutputItem\EndProc.h">
      <Filter>Source Files\OutputItem</Filter>
    </ClInclude>
    <ClInclude Include="..\ida2asm\src\OutputItem\StackVariable.h">
      <Filter>Source Files\OutputItem</Filter>
    </ClInclude>
    <ClInclude Include="..\ida2asm\src\OutputItem\Proc.h">
      <Filter>Source Files\OutputItem</Filter>
    </ClInclude>
    <ClInclude Include="..\ida2asm\src\OutputWriter\MasmOutput.h">
      <Filter>Source Files\OutputWriter</Filter>
    </ClInclude>
    <ClInclude Include="..\ida2asm\src\OutputWriter\OutputFactory.h">
      <Filter>Source Files\OutputWriter</Filter>
    </ClInclude>
    <ClInclude Include="..\ida2asm\src\OutputWriter\OutputWriter.h">
      <Filter>Source Files\OutputWriter</Filter>
    </ClInclude>
    <ClInclude Include="..\ida2asm\src\OutputWriter\VerbatimOutput.h">
      <Filter>Source Files\OutputWriter</Filter>
    </ClInclude>
    <ClInclude Include="..\ida2asm\src\OutputWriter\OutputWriterTemplates.h">
      <Filter>Source Files\OutputWriter</Filter>
    </ClInclude>
    <ClInclude Include="..\ida2asm\src\Util\StringMap.h">
      <Filter>Source Files\Util</Filter>
    </ClInclude>
    <ClInclude Include="..\ida2asm\src\Util\StringSet.h">
      <Filter>Source Files\Util</Filter>
    </ClInclude>
    <ClInclude Include="..\ida2asm\src\Util\Util.h">
      <Filter>Source Files\Util</Filter>
    </ClInclude>
    <ClInclude Include="..\ida2asm\src\Util\DynaArray.h">
      <Filter>Source Files\Util</Filter>
    </ClInclude>
    <ClInclude Include="..\ida2asm\src\Util\StringView.h">
      <Filter>Source Files\Util</Filter>
    </ClInclude>
    <ClInclude Include="..\ida2asm\src\Util\Iterator.h">
      <Filter>Source Files\Util</Filter>
    </ClInclude>
    <ClInclude Include="..\ida2asm\src\Util\StringList.h">
      <Filter>Source Files\Util</Filter>
    </ClInclude>
    <ClInclude Include="..\ida2asm\src\Util\BlockList.h">
      <Filter>Source Files\Util</Filter>
    </ClInclude>
    <ClInclude Include="..\ida2asm\src\Parser\IdaAsmParser.h">
      <Filter>Source Files\Parser</Filter>
    </ClInclude>
    <ClInclude Include="..\ida2asm\src\Parser\ParsingException.h">
      <Filter>Source Files\Parser</Filter>
    </ClInclude>
    <ClInclude Include="..\ida2asm\src\InputSymbols\ProcHookList.h">
      <Filter>Source Files\InputSymbols</Filter>
    </ClInclude>
    <ClInclude Include="..\ida2asm\src\InputSymbols\SymbolFileParser.h">
      <Filter>Source Files\InputSymbols</Filter>
    </ClInclude>
    <ClInclude Include="..\ida2asm\src\InputSymbols\SymbolTable.h">
      <Filter>Source Files\InputSymbols</Filter>
    </ClInclude>
    <ClInclude Include="..\ida2asm\src\InputSymbols\SymbolAction.h">
      <Filter>Source Files\InputSymbols</Filter>
    </ClInclude>
    <ClInclude Include="..\ida2asm\src\OutputWriter\COutput.h">
      <Filter>Source Files\OutputWriter</Filter>
    </ClInclude>
  </ItemGroup>
  <ItemGroup>
    <CustomBuild Include="..\ida2asm\gen-lookup\gen-lookup.py">
      <Filter>gen-lookup</Filter>
    </CustomBuild>
  </ItemGroup>
  <ItemGroup>
    <None Include="..\ida2asm\gen-lookup\tokens.lst">
      <Filter>gen-lookup</Filter>
    </None>
  </ItemGroup>
  <ItemGroup>
    <Natvis Include="Types.natvis" />
  </ItemGroup>
</Project>