<?xml version="1.0" encoding="utf-8"?>
<Project ToolsVersion="4.0" xmlns="http://schemas.microsoft.com/developer/msbuild/2003">
  <ItemGroup>
    <Filter Include="Source Files">
      <UniqueIdentifier>{4FC737F1-C7A5-4376-A066-2A32D752A2FF}</UniqueIdentifier>
      <Extensions>cpp;c;cc;cxx;def;odl;idl;hpj;bat;asm;asmx</Extensions>
    </Filter>
    <Filter Include="Resource Files">
      <UniqueIdentifier>{67DA6AB6-F800-4c08-8B7A-83BB121AAD01}</UniqueIdentifier>
      <Extensions>rc;ico;cur;bmp;dlg;rc2;rct;bin;rgs;gif;jpg;jpeg;jpe;resx;tiff;tif;png;wav;mfcribbon-ms</Extensions>
    </Filter>
    <Filter Include="Source Files\swos-asm">
      <UniqueIdentifier>{e38b7d3e-bb51-468d-a035-0b85295d3990}</UniqueIdentifier>
    </Filter>
    <Filter Include="Source Files\menu">
      <UniqueIdentifier>{298749e9-7815-41de-b5ca-8f839b8c6c5f}</UniqueIdentifier>
    </Filter>
    <Filter Include="Source Files\debug">
      <UniqueIdentifier>{17fb11e0-ae3c-431c-8383-13eaab94c0c2}</UniqueIdentifier>
    </Filter>
    <Filter Include="Source Files\controls">
      <UniqueIdentifier>{501283ed-b2d5-4054-9630-2b0e1148860f}</UniqueIdentifier>
    </Filter>
    <Filter Include="Source Files\audio">
      <UniqueIdentifier>{1ad788a0-4e43-4409-ad52-099103dbcbf5}</UniqueIdentifier>
    </Filter>
    <Filter Include="Source Files\video">
      <UniqueIdentifier>{18482253-5ebd-4fd2-baa0-0c9da9ded338}</UniqueIdentifier>
    </Filter>
  </ItemGroup>
  <ItemGroup>
    <CustomBuild Include="swos-asm\swos-08.asm">
      <Filter>Source Files\swos-asm</Filter>
    </CustomBuild>
    <CustomBuild Include="swos-asm\swos-01.asm">
      <Filter>Source Files\swos-asm</Filter>
    </CustomBuild>
    <CustomBuild Include="swos-asm\swos-02.asm">
      <Filter>Source Files\swos-asm</Filter>
    </CustomBuild>
    <CustomBuild Include="swos-asm\swos-03.asm">
      <Filter>Source Files\swos-asm</Filter>
    </CustomBuild>
    <CustomBuild Include="swos-asm\swos-04.asm">
      <Filter>Source Files\swos-asm</Filter>
    </CustomBuild>
    <CustomBuild Include="swos-asm\swos-05.asm">
      <Filter>Source Files\swos-asm</Filter>
    </CustomBuild>
    <CustomBuild Include="swos-asm\swos-06.asm">
      <Filter>Source Files\swos-asm</Filter>
    </CustomBuild>
    <CustomBuild Include="swos-asm\swos-07.asm">
      <Filter>Source Files\swos-asm</Filter>
    </CustomBuild>
    <CustomBuild Include="..\src\menus\options.mnu">
      <Filter>Source Files\menu</Filter>
    </CustomBuild>
    <CustomBuild Include="..\src\menus\videoOptions.mnu">
      <Filter>Source Files\menu</Filter>
    </CustomBuild>
    <CustomBuild Include="..\src\menus\audioOptions.mnu">
      <Filter>Source Files\menu</Filter>
    </CustomBuild>
    <CustomBuild Include="..\src\menus\controlOptions.mnu">
      <Filter>Source Files\menu</Filter>
    </CustomBuild>
    <CustomBuild Include="..\src\menus\replayExit.mnu">
      <Filter>Source Files\menu</Filter>
    </CustomBuild>
    <CustomBuild Include="..\src\menus\joypadConfig.mnu">
      <Filter>Source Files\menu</Filter>
    </CustomBuild>
  </ItemGroup>
  <ItemGroup>
    <ClCompile Include="..\src\main.cpp">
      <Filter>Source Files</Filter>
    </ClCompile>
    <ClCompile Include="..\src\stdinc.cpp">
      <Filter>Source Files</Filter>
    </ClCompile>
    <ClCompile Include="..\src\init.cpp">
      <Filter>Source Files</Filter>
    </ClCompile>
    <ClCompile Include="..\src\file.cpp">
      <Filter>Source Files</Filter>
    </ClCompile>
    <ClCompile Include="..\src\util.cpp">
      <Filter>Source Files</Filter>
    </ClCompile>
    <ClCompile Include="..\src\menu.cpp">
      <Filter>Source Files</Filter>
    </ClCompile>
    <ClCompile Include="..\src\log.cpp">
      <Filter>Source Files</Filter>
    </ClCompile>
    <ClCompile Include="..\src\crash.cpp">
      <Filter>Source Files</Filter>
    </ClCompile>
    <ClCompile Include="..\src\game.cpp">
      <Filter>Source Files</Filter>
    </ClCompile>
    <ClCompile Include="..\src\options.cpp">
      <Filter>Source Files</Filter>
    </ClCompile>
    <ClCompile Include="..\src\debug\dump.cpp">
      <Filter>Source Files\debug</Filter>
    </ClCompile>
    <ClCompile Include="..\src\pitch.cpp">
      <Filter>Source Files</Filter>
    </ClCompile>
    <ClCompile Include="..\src\audio\audio.cpp">
      <Filter>Source Files\audio</Filter>
    </ClCompile>
    <ClCompile Include="..\src\audio\music.cpp">
      <Filter>Source Files\audio</Filter>
    </ClCompile>
    <ClCompile Include="..\src\controls\controls.cpp">
      <Filter>Source Files\controls</Filter>
    </ClCompile>
    <ClCompile Include="..\src\controls\scanCodes.cpp">
      <Filter>Source Files\controls</Filter>
    </ClCompile>
    <ClCompile Include="..\src\controls\controlOptionsMenu.cpp">
      <Filter>Source Files\controls</Filter>
    </ClCompile>
    <ClCompile Include="..\src\controls\joypads.cpp">
      <Filter>Source Files\controls</Filter>
    </ClCompile>
    <ClCompile Include="..\src\controls\joypadConfigMenu.cpp">
      <Filter>Source Files\controls</Filter>
    </ClCompile>
    <ClCompile Include="..\src\video\render.cpp">
      <Filter>Source Files\video</Filter>
    </ClCompile>
    <ClCompile Include="..\src\video\videoOptionsMenu.cpp">
      <Filter>Source Files\video</Filter>
    </ClCompile>
  </ItemGroup>
  <ItemGroup>
    <ClInclude Include="..\src\swos.h">
      <Filter>Source Files</Filter>
    </ClInclude>
    <ClInclude Include="..\src\util.h">
      <Filter>Source Files</Filter>
    </ClInclude>
    <ClInclude Include="..\src\file.h">
      <Filter>Source Files</Filter>
    </ClInclude>
    <ClInclude Include="..\src\log.h">
      <Filter>Source Files</Filter>
    </ClInclude>
    <ClInclude Include="..\src\crash.h">
      <Filter>Source Files</Filter>
    </ClInclude>
    <ClInclude Include="..\src\options.h">
      <Filter>Source Files</Filter>
    </ClInclude>
    <ClInclude Include="..\src\menus\menu.h">
      <Filter>Source Files\menu</Filter>
    </ClInclude>
    <ClInclude Include="..\src\debug\dump.h">
      <Filter>Source Files\debug</Filter>
    </ClInclude>
    <ClInclude Include="..\src\controls\controls.h">
      <Filter>Source Files\controls</Filter>
    </ClInclude>
    <ClInclude Include="..\src\audio\audio.h">
      <Filter>Source Files\audio</Filter>
    </ClInclude>
    <ClInclude Include="..\src\audio\music.h">
      <Filter>Source Files\audio</Filter>
    </ClInclude>
    <ClInclude Include="..\src\controls\scanCodes.h">
      <Filter>Source Files\controls</Filter>
    </ClInclude>
    <ClInclude Include="..\src\controls\joypads.h">
      <Filter>Source Files\controls</Filter>
    </ClInclude>
    <ClInclude Include="..\src\controls\joypadConfigMenu.h">
      <Filter>Source Files\controls</Filter>
    </ClInclude>
    <ClInclude Include="..\src\controls\controlOptionsMenu.h">
      <Filter>Source Files\controls</Filter>
    </ClInclude>
    <ClInclude Include="..\src\video\render.h">
      <Filter>Source Files\video</Filter>
    </ClInclude>
  </ItemGroup>
  <ItemGroup>
    <Natvis Include="Types.natvis" />
  </ItemGroup>
  <ItemGroup>
    <None Include="..\src\menus\optionsCommon.mh">
      <Filter>Source Files\menu</Filter>
    </None>
    <None Include="..\src\menus\mnu2h.py">
      <Filter>Source Files\menu</Filter>
    </None>
  </ItemGroup>
</Project>