<?xml version="1.0" encoding="utf-8"?>
<Project ToolsVersion="4.0" xmlns="http://schemas.microsoft.com/developer/msbuild/2003">
  <ItemGroup>
    <Filter Include="Source Files">
      <UniqueIdentifier>{4FC737F1-C7A5-4376-A066-2A32D752A2FF}</UniqueIdentifier>
      <Extensions>cpp;c;cc;cxx;def;odl;idl;hpj;bat;asm;asmx</Extensions>
    </Filter>
    <Filter Include="Source Files\project-files">
      <UniqueIdentifier>{63b2a21f-abc6-47f1-8d32-6c6acb5be7ce}</UniqueIdentifier>
    </Filter>
    <Filter Include="Source Files\project-files\menus">
      <UniqueIdentifier>{72303bb2-ec78-4598-8030-b7d399205a37}</UniqueIdentifier>
    </Filter>
    <Filter Include="Source Files\project-files\controls">
      <UniqueIdentifier>{fba6e15c-e16d-4914-bd89-19c7f5902c58}</UniqueIdentifier>
    </Filter>
    <Filter Include="Source Files\project-files\files">
      <UniqueIdentifier>{0474d92f-58ba-400a-bb35-4275e81a871b}</UniqueIdentifier>
    </Filter>
    <Filter Include="Source Files\mocks">
      <UniqueIdentifier>{8d2585d8-e432-423f-a468-66090385c09c}</UniqueIdentifier>
    </Filter>
    <Filter Include="Source Files\project-files\audio">
      <UniqueIdentifier>{7b77a1ef-3035-4b55-bf69-130ad780e180}</UniqueIdentifier>
    </Filter>
    <Filter Include="Source Files\tests">
      <UniqueIdentifier>{a9821bfe-9bcb-4096-b387-e3b54860c3cc}</UniqueIdentifier>
    </Filter>
    <Filter Include="Source Files\lib">
      <UniqueIdentifier>{3ebd6a1a-d5bd-4c33-b52a-084450159766}</UniqueIdentifier>
    </Filter>
    <Filter Include="Source Files\tests\data">
      <UniqueIdentifier>{e4eb1364-0e4b-4afc-b3c1-0e0ea29cfd2e}</UniqueIdentifier>
    </Filter>
    <Filter Include="Source Files\project-files\replays">
      <UniqueIdentifier>{97499e64-6ec8-43b3-a197-fd09d03c2b50}</UniqueIdentifier>
    </Filter>
    <Filter Include="Source Files\project-files\video">
      <UniqueIdentifier>{7527cdcc-d53b-4982-ad23-0cde7f1757e2}</UniqueIdentifier>
    </Filter>
    <Filter Include="Source Files\project-files\game\bench">
      <UniqueIdentifier>{941e50fa-03f2-4b5d-ada9-e4feba89904d}</UniqueIdentifier>
    </Filter>
    <Filter Include="Source Files\project-files\controls\joypads">
      <UniqueIdentifier>{529e052d-1667-4623-af82-edeaa826fb8b}</UniqueIdentifier>
    </Filter>
    <Filter Include="Source Files\project-files\controls\keyboard">
      <UniqueIdentifier>{42dff330-45f0-4272-888b-9060c836356e}</UniqueIdentifier>
    </Filter>
    <Filter Include="Source Files\project-files\controls\mouse">
      <UniqueIdentifier>{32492cc2-697b-406b-a6fe-30939e4a2409}</UniqueIdentifier>
    </Filter>
    <Filter Include="Source Files\project-files\text">
      <UniqueIdentifier>{63b4c43d-1a16-4e8f-bed8-e26edba8bfc4}</UniqueIdentifier>
    </Filter>
    <Filter Include="Source Files\swos-cpp">
      <UniqueIdentifier>{23bfc3d1-75fb-4b69-95ed-12d34b9d42d2}</UniqueIdentifier>
    </Filter>
    <Filter Include="Source Files\project-files\controls\joypads\ui">
      <UniqueIdentifier>{159d8d74-0c57-445c-8916-c51fe1a758d0}</UniqueIdentifier>
    </Filter>
    <Filter Include="Source Files\project-files\sprites">
      <UniqueIdentifier>{819fcdcc-11b8-4824-9b48-9649613a63cd}</UniqueIdentifier>
    </Filter>
    <Filter Include="Source Files\project-files\game">
      <UniqueIdentifier>{7faf3c71-8b02-439f-b399-f5b9c143ec24}</UniqueIdentifier>
    </Filter>
    <Filter Include="Source Files\project-files\util">
      <UniqueIdentifier>{033969d6-2ddd-4ec8-a3b7-83ee40f2e138}</UniqueIdentifier>
    </Filter>
    <Filter Include="Source Files\project-files\menus\engine">
      <UniqueIdentifier>{30536200-27f0-49b4-b4f3-63fac38e2771}</UniqueIdentifier>
    </Filter>
    <Filter Include="Source Files\project-files\game\pitch">
      <UniqueIdentifier>{1908b90c-6ed3-4e0e-a7ce-5468379899d2}</UniqueIdentifier>
    </Filter>
  </ItemGroup>
  <ItemGroup>
    <ClCompile Include="..\src\main.cpp">
      <Filter>Source Files</Filter>
    </ClCompile>
    <ClCompile Include="..\..\src\stdinc.cpp">
      <Filter>Source Files</Filter>
    </ClCompile>
    <ClCompile Include="..\..\src\controls\controlOptionsMenu.cpp">
      <Filter>Source Files\project-files\controls</Filter>
    </ClCompile>
    <ClCompile Include="..\..\src\controls\controls.cpp">
      <Filter>Source Files\project-files\controls</Filter>
    </ClCompile>
    <ClCompile Include="..\..\src\files\selectFilesMenu.cpp">
      <Filter>Source Files\project-files\files</Filter>
    </ClCompile>
    <ClCompile Include="..\..\src\init.cpp">
      <Filter>Source Files\project-files</Filter>
    </ClCompile>
    <ClCompile Include="..\..\src\audio\comments.cpp">
      <Filter>Source Files\project-files\audio</Filter>
    </ClCompile>
    <ClCompile Include="..\..\src\audio\SoundSample.cpp">
      <Filter>Source Files\project-files\audio</Filter>
    </ClCompile>
    <ClCompile Include="..\src\tests\BaseTest.cpp">
      <Filter>Source Files\tests</Filter>
    </ClCompile>
    <ClCompile Include="..\src\tests\VideoOptionsMenuTest.cpp">
      <Filter>Source Files\tests</Filter>
    </ClCompile>
    <ClCompile Include="..\src\mocks\mockAudio.cpp">
      <Filter>Source Files\mocks</Filter>
    </ClCompile>
    <ClCompile Include="..\src\mocks\mockLog.cpp">
      <Filter>Source Files\mocks</Filter>
    </ClCompile>
    <ClCompile Include="..\src\mocks\mockMusic.cpp">
      <Filter>Source Files\mocks</Filter>
    </ClCompile>
    <ClCompile Include="..\src\mocks\mockOptions.cpp">
      <Filter>Source Files\mocks</Filter>
    </ClCompile>
    <ClCompile Include="..\src\mocks\mockRender.cpp">
      <Filter>Source Files\mocks</Filter>
    </ClCompile>
    <ClCompile Include="..\src\mocks\mockSdlMixer.cpp">
      <Filter>Source Files\mocks</Filter>
    </ClCompile>
    <ClCompile Include="..\src\sdlProcs.cpp">
      <Filter>Source Files</Filter>
    </ClCompile>
    <ClCompile Include="..\src\lib\unitTest.cpp">
      <Filter>Source Files\lib</Filter>
    </ClCompile>
    <ClCompile Include="..\src\tests\EditTacticsMenuTest.cpp">
      <Filter>Source Files\tests</Filter>
    </ClCompile>
    <ClCompile Include="..\src\mocks\mockFile.cpp">
      <Filter>Source Files\mocks</Filter>
    </ClCompile>
    <ClCompile Include="..\src\mocks\mockUtil.cpp">
      <Filter>Source Files\mocks</Filter>
    </ClCompile>
    <ClCompile Include="..\src\tests\CommentaryTest.cpp">
      <Filter>Source Files\tests</Filter>
    </ClCompile>
    <ClCompile Include="..\src\tests\SelectFilesMenuTest.cpp">
      <Filter>Source Files\tests</Filter>
    </ClCompile>
    <ClCompile Include="..\..\src\audio\chants.cpp">
      <Filter>Source Files\project-files\audio</Filter>
    </ClCompile>
    <ClCompile Include="..\..\src\audio\sfx.cpp">
      <Filter>Source Files\project-files\audio</Filter>
    </ClCompile>
    <ClCompile Include="..\src\lib\exceptions.cpp">
      <Filter>Source Files\lib</Filter>
    </ClCompile>
    <ClCompile Include="..\src\tests\ControlOptionsMenuTest.cpp">
      <Filter>Source Files\tests</Filter>
    </ClCompile>
    <ClCompile Include="..\..\src\replays\replays.cpp">
      <Filter>Source Files\project-files\replays</Filter>
    </ClCompile>
    <ClCompile Include="..\..\src\game\bench\bench.cpp">
      <Filter>Source Files\project-files\game\bench</Filter>
    </ClCompile>
    <ClCompile Include="..\..\src\replays\ReplayDataStorage.cpp">
      <Filter>Source Files\project-files\replays</Filter>
    </ClCompile>
    <ClCompile Include="..\..\src\replays\replayOptions.cpp">
      <Filter>Source Files\project-files\replays</Filter>
    </ClCompile>
    <ClCompile Include="..\..\src\replays\replaysMenu.cpp">
      <Filter>Source Files\project-files\replays</Filter>
    </ClCompile>
    <ClCompile Include="..\src\lib\bmpWriter.cpp">
      <Filter>Source Files\lib</Filter>
    </ClCompile>
    <ClCompile Include="..\..\src\video\videoOptionsMenu.cpp">
      <Filter>Source Files\project-files\video</Filter>
    </ClCompile>
    <ClCompile Include="..\..\src\controls\joypads\joypad.cpp">
      <Filter>Source Files\project-files\controls\joypads</Filter>
    </ClCompile>
    <ClCompile Include="..\..\src\controls\joypads\joypadConfig.cpp">
      <Filter>Source Files\project-files\controls\joypads</Filter>
    </ClCompile>
    <ClCompile Include="..\..\src\controls\joypads\joypadConfigRegister.cpp">
      <Filter>Source Files\project-files\controls\joypads</Filter>
    </ClCompile>
    <ClCompile Include="..\..\src\controls\joypads\joypadGuidConfig.cpp">
      <Filter>Source Files\project-files\controls\joypads</Filter>
    </ClCompile>
    <ClCompile Include="..\..\src\controls\joypads\joypads.cpp">
      <Filter>Source Files\project-files\controls\joypads</Filter>
    </ClCompile>
    <ClCompile Include="..\..\src\controls\joypads\sdlMappingParser.cpp">
      <Filter>Source Files\project-files\controls\joypads</Filter>
    </ClCompile>
    <ClCompile Include="..\..\src\controls\keyboard\keyboard.cpp">
      <Filter>Source Files\project-files\controls\keyboard</Filter>
    </ClCompile>
    <ClCompile Include="..\..\src\controls\keyboard\keyBuffer.cpp">
      <Filter>Source Files\project-files\controls\keyboard</Filter>
    </ClCompile>
    <ClCompile Include="..\..\src\controls\keyboard\keyConfig.cpp">
      <Filter>Source Files\project-files\controls\keyboard</Filter>
    </ClCompile>
    <ClCompile Include="..\..\src\controls\keyboard\scancodes.cpp">
      <Filter>Source Files\project-files\controls\keyboard</Filter>
    </ClCompile>
    <ClCompile Include="..\..\src\controls\mouse\mouse.cpp">
      <Filter>Source Files\project-files\controls\mouse</Filter>
    </ClCompile>
    <ClCompile Include="..\..\src\text\text.cpp">
      <Filter>Source Files\project-files\text</Filter>
    </ClCompile>
    <ClCompile Include="..\..\tmp\swos-cpp-gen-$(PlatformArchitecture)\swos-01.cpp">
      <Filter>Source Files\swos-cpp</Filter>
    </ClCompile>
    <ClCompile Include="..\..\tmp\swos-cpp-gen-$(PlatformArchitecture)\swos-02.cpp">
      <Filter>Source Files\swos-cpp</Filter>
    </ClCompile>
    <ClCompile Include="..\..\tmp\swos-cpp-gen-$(PlatformArchitecture)\swos-03.cpp">
      <Filter>Source Files\swos-cpp</Filter>
    </ClCompile>
    <ClCompile Include="..\..\tmp\swos-cpp-gen-$(PlatformArchitecture)\swos-04.cpp">
      <Filter>Source Files\swos-cpp</Filter>
    </ClCompile>
    <ClCompile Include="..\..\tmp\swos-cpp-gen-$(PlatformArchitecture)\swos-05.cpp">
      <Filter>Source Files\swos-cpp</Filter>
    </ClCompile>
    <ClCompile Include="..\..\tmp\swos-cpp-gen-$(PlatformArchitecture)\swos-06.cpp">
      <Filter>Source Files\swos-cpp</Filter>
    </ClCompile>
    <ClCompile Include="..\..\tmp\swos-cpp-gen-$(PlatformArchitecture)\swos-07.cpp">
      <Filter>Source Files\swos-cpp</Filter>
    </ClCompile>
    <ClCompile Include="..\..\tmp\swos-cpp-gen-$(PlatformArchitecture)\swos-08.cpp">
      <Filter>Source Files\swos-cpp</Filter>
    </ClCompile>
    <ClCompile Include="..\..\tmp\swos-cpp-gen-$(PlatformArchitecture)\vm.cpp">
      <Filter>Source Files\swos-cpp</Filter>
    </ClCompile>
    <ClCompile Include="..\..\src\menus\mainMenu.cpp">
      <Filter>Source Files\project-files\menus</Filter>
    </ClCompile>
    <ClCompile Include="..\..\src\controls\joypads\VirtualJoypad.cpp">
      <Filter>Source Files\project-files\controls\joypads</Filter>
    </ClCompile>
    <ClCompile Include="..\..\src\controls\keyboard\setupKeyboardMenu.cpp">
      <Filter>Source Files\project-files\controls\keyboard</Filter>
    </ClCompile>
    <ClCompile Include="..\..\src\controls\gameControlEvents.cpp">
      <Filter>Source Files\project-files\controls</Filter>
    </ClCompile>
    <ClCompile Include="..\..\src\controls\selectGameControlEventsMenu.cpp">
      <Filter>Source Files\project-files\controls</Filter>
    </ClCompile>
    <ClCompile Include="..\..\src\controls\keyboard\redefineKeysMenu.cpp">
      <Filter>Source Files\project-files\controls\keyboard</Filter>
    </ClCompile>
    <ClCompile Include="..\..\src\controls\keyboard\testKeyboardMenu.cpp">
      <Filter>Source Files\project-files\controls\keyboard</Filter>
    </ClCompile>
    <ClCompile Include="..\..\src\controls\menuControls.cpp">
      <Filter>Source Files\project-files\controls</Filter>
    </ClCompile>
    <ClCompile Include="..\src\tests\SetupKeyboardMenuTest.cpp">
      <Filter>Source Files</Filter>
    </ClCompile>
    <ClCompile Include="..\..\src\controls\joypads\ui\configureAxisMenu.cpp">
      <Filter>Source Files\project-files\controls\joypads\ui</Filter>
    </ClCompile>
    <ClCompile Include="..\..\src\controls\joypads\ui\configureHatMenu.cpp">
      <Filter>Source Files\project-files\controls\joypads\ui</Filter>
    </ClCompile>
    <ClCompile Include="..\..\src\controls\joypads\ui\joypadConfigMenu.cpp">
      <Filter>Source Files\project-files\controls\joypads\ui</Filter>
    </ClCompile>
    <ClCompile Include="..\..\src\controls\joypads\ui\configureTrackballMenu.cpp">
      <Filter>Source Files\project-files\controls\joypads\ui</Filter>
    </ClCompile>
    <ClCompile Include="..\..\src\controls\joypads\ui\joypadQuickConfigMenu.cpp">
      <Filter>Source Files\project-files\controls\joypads\ui</Filter>
    </ClCompile>
    <ClCompile Include="..\..\src\controls\quickConfigMenu.cpp">
      <Filter>Source Files\project-files\controls</Filter>
    </ClCompile>
    <ClCompile Include="..\..\src\controls\joypads\ui\testJoypadMenu.cpp">
      <Filter>Source Files\project-files\controls\joypads\ui</Filter>
    </ClCompile>
    <ClCompile Include="..\..\src\controls\testControlsMenu.cpp">
      <Filter>Source Files\project-files\controls</Filter>
    </ClCompile>
    <ClCompile Include="..\..\src\controls\joypads\JoypadElementValue.cpp">
      <Filter>Source Files\project-files\controls\joypads</Filter>
    </ClCompile>
    <ClCompile Include="..\..\src\controls\selectMatchControls.cpp">
      <Filter>Source Files\project-files\controls</Filter>
    </ClCompile>
    <ClCompile Include="..\..\src\controls\gameControls.cpp">
      <Filter>Source Files\project-files\controls</Filter>
    </ClCompile>
    <ClCompile Include="..\src\tests\JoypadsTest.cpp">
      <Filter>Source Files\tests</Filter>
    </ClCompile>
    <ClCompile Include="..\src\mocks\mockWindowManager.cpp">
      <Filter>Source Files\mocks</Filter>
    </ClCompile>
    <ClCompile Include="..\..\src\text\textInput.cpp">
      <Filter>Source Files\project-files\text</Filter>
    </ClCompile>
    <ClCompile Include="..\..\src\video\windowModeMenu.cpp">
      <Filter>Source Files\project-files\video</Filter>
    </ClCompile>
    <ClCompile Include="..\..\src\sprites\sprites.cpp">
      <Filter>Source Files\project-files\sprites</Filter>
    </ClCompile>
    <ClCompile Include="..\..\src\game\game.cpp">
      <Filter>Source Files\project-files\game</Filter>
    </ClCompile>
    <ClCompile Include="..\..\src\game\gameTime.cpp">
      <Filter>Source Files\project-files\game</Filter>
    </ClCompile>
    <ClCompile Include="..\..\src\game\updateBall.cpp">
      <Filter>Source Files\project-files\game</Filter>
    </ClCompile>
    <ClCompile Include="..\..\src\game\replayExitMenu.cpp">
      <Filter>Source Files\project-files\game</Filter>
    </ClCompile>
    <ClCompile Include="..\..\src\sprites\colorizeSprites.cpp">
      <Filter>Source Files\project-files\sprites</Filter>
    </ClCompile>
    <ClCompile Include="..\..\src\sprites\gameSprites.cpp">
      <Filter>Source Files\project-files\sprites</Filter>
    </ClCompile>
    <ClCompile Include="..\..\src\sprites\renderSprites.cpp">
      <Filter>Source Files\project-files\sprites</Filter>
    </ClCompile>
    <ClCompile Include="..\..\src\sprites\loadTexture.cpp">
      <Filter>Source Files\project-files\sprites</Filter>
    </ClCompile>
    <ClCompile Include="..\..\src\game\camera.cpp">
      <Filter>Source Files\project-files\game</Filter>
    </ClCompile>
    <ClCompile Include="..\..\src\game\result.cpp">
      <Filter>Source Files\project-files\game</Filter>
    </ClCompile>
    <ClCompile Include="..\..\src\game\darkRectangle.cpp">
      <Filter>Source Files\project-files\game</Filter>
    </ClCompile>
    <ClCompile Include="..\..\src\game\stats.cpp">
      <Filter>Source Files\project-files\game</Filter>
    </ClCompile>
    <ClCompile Include="..\..\src\game\playerNameDisplay.cpp">
      <Filter>Source Files\project-files\game</Filter>
    </ClCompile>
    <ClCompile Include="..\..\src\sprites\spinningLogo.cpp">
      <Filter>Source Files\project-files\sprites</Filter>
    </ClCompile>
    <ClCompile Include="..\..\src\game\gameLoop.cpp">
      <Filter>Source Files\project-files\game</Filter>
    </ClCompile>
    <ClCompile Include="..\..\src\util\random.cpp">
      <Filter>Source Files\project-files\util</Filter>
    </ClCompile>
    <ClCompile Include="..\..\src\game\bench\benchControls.cpp">
      <Filter>Source Files\project-files\game\bench</Filter>
    </ClCompile>
    <ClCompile Include="..\..\src\game\bench\drawBench.cpp">
      <Filter>Source Files\project-files\game\bench</Filter>
    </ClCompile>
    <ClCompile Include="..\..\src\game\color.cpp">
      <Filter>Source Files\project-files\game</Filter>
    </ClCompile>
    <ClCompile Include="..\..\src\menus\continueAbortMenu.cpp">
      <Filter>Source Files\project-files\menus</Filter>
    </ClCompile>
    <ClCompile Include="..\..\src\menus\engine\drawMenu.cpp">
      <Filter>Source Files\project-files\menus\engine</Filter>
    </ClCompile>
    <ClCompile Include="..\..\src\menus\engine\menuAlloc.cpp">
      <Filter>Source Files\project-files\menus\engine</Filter>
    </ClCompile>
    <ClCompile Include="..\..\src\menus\engine\menuBackground.cpp">
      <Filter>Source Files\project-files\menus\engine</Filter>
    </ClCompile>
    <ClCompile Include="..\..\src\menus\engine\MenuEntry.cpp">
      <Filter>Source Files\project-files\menus\engine</Filter>
    </ClCompile>
    <ClCompile Include="..\..\src\menus\engine\menuItemRenderer.cpp">
      <Filter>Source Files\project-files\menus\engine</Filter>
    </ClCompile>
    <ClCompile Include="..\..\src\menus\engine\menuMouse.cpp">
      <Filter>Source Files\project-files\menus\engine</Filter>
    </ClCompile>
    <ClCompile Include="..\..\src\menus\engine\menuProc.cpp">
      <Filter>Source Files\project-files\menus\engine</Filter>
    </ClCompile>
    <ClCompile Include="..\..\src\menus\engine\menus.cpp">
      <Filter>Source Files\project-files\menus\engine</Filter>
    </ClCompile>
    <ClCompile Include="..\..\src\menus\engine\unpackMenu.cpp">
      <Filter>Source Files\project-files\menus\engine</Filter>
    </ClCompile>
    <ClCompile Include="..\..\src\menus\versusMenu.cpp">
      <Filter>Source Files\project-files\menus</Filter>
    </ClCompile>
    <ClCompile Include="..\..\src\menus\stadiumMenu.cpp">
      <Filter>Source Files\project-files\menus</Filter>
    </ClCompile>
    <ClCompile Include="..\..\src\menus\continueMenu.cpp">
      <Filter>Source Files\project-files\menus</Filter>
    </ClCompile>
    <ClCompile Include="..\..\src\replays\LegacyReplayConverter.cpp">
      <Filter>Source Files\project-files\replays</Filter>
    </ClCompile>
    <ClCompile Include="..\src\mocks\mockTimer.cpp">
      <Filter>Source Files\mocks</Filter>
    </ClCompile>
    <ClCompile Include="..\..\src\game\pitch\pitch.cpp">
      <Filter>Source Files\project-files\game\pitch</Filter>
    </ClCompile>
    <ClCompile Include="..\..\src\game\referee.cpp">
      <Filter>Source Files\project-files\game</Filter>
    </ClCompile>
  </ItemGroup>
  <ItemGroup>
    <ClInclude Include="..\..\src\stdinc.h">
      <Filter>Source Files</Filter>
    </ClInclude>
    <ClInclude Include="..\..\src\controls\controlOptionsMenu.h">
      <Filter>Source Files\project-files\controls</Filter>
    </ClInclude>
    <ClInclude Include="..\..\src\controls\controls.h">
      <Filter>Source Files\project-files\controls</Filter>
    </ClInclude>
    <ClInclude Include="..\..\src\files\file.h">
      <Filter>Source Files\project-files\files</Filter>
    </ClInclude>
    <ClInclude Include="..\..\src\files\selectFilesMenu.h">
      <Filter>Source Files\project-files\files</Filter>
    </ClInclude>
    <ClInclude Include="..\src\tests\BaseTest.h">
      <Filter>Source Files\tests</Filter>
    </ClInclude>
    <ClInclude Include="..\src\tests\VideoOptionsMenuTest.h">
      <Filter>Source Files\tests</Filter>
    </ClInclude>
    <ClInclude Include="..\src\lib\unitTest.h">
      <Filter>Source Files\lib</Filter>
    </ClInclude>
    <ClInclude Include="..\src\mocks\mockRender.h">
      <Filter>Source Files\mocks</Filter>
    </ClInclude>
    <ClInclude Include="..\src\lib\exceptions.h">
      <Filter>Source Files\lib</Filter>
    </ClInclude>
    <ClInclude Include="..\src\tests\EditTacticsMenuTest.h">
      <Filter>Source Files\tests</Filter>
    </ClInclude>
    <ClInclude Include="..\src\sdlProcs.h">
      <Filter>Source Files</Filter>
    </ClInclude>
    <ClInclude Include="..\src\tests\CommentaryTest.h">
      <Filter>Source Files\tests</Filter>
    </ClInclude>
    <ClInclude Include="..\src\tests\SelectFilesMenuTest.h">
      <Filter>Source Files\tests</Filter>
    </ClInclude>
    <ClInclude Include="..\src\mocks\mockFile.h">
      <Filter>Source Files\mocks</Filter>
    </ClInclude>
    <ClInclude Include="..\src\mocks\mockUtil.h">
      <Filter>Source Files\mocks</Filter>
    </ClInclude>
    <ClInclude Include="..\src\mocks\dirent.h">
      <Filter>Source Files\mocks</Filter>
    </ClInclude>
    <ClInclude Include="..\src\tests\ControlOptionsMenuTest.h">
      <Filter>Source Files\tests</Filter>
    </ClInclude>
    <ClInclude Include="..\src\mocks\mockLog.h">
      <Filter>Source Files\mocks</Filter>
    </ClInclude>
    <ClInclude Include="..\src\mocks\mockSdlMixer.h">
      <Filter>Source Files\mocks</Filter>
    </ClInclude>
    <ClInclude Include="..\src\tests\canada.diy.h">
      <Filter>Source Files\tests\data</Filter>
    </ClInclude>
    <ClInclude Include="..\..\src\replays\replays.h">
      <Filter>Source Files\project-files\replays</Filter>
    </ClInclude>
    <ClInclude Include="..\..\src\replays\ReplayDataStorage.h">
      <Filter>Source Files\project-files\replays</Filter>
    </ClInclude>
    <ClInclude Include="..\..\src\replays\replayOptions.h">
      <Filter>Source Files\project-files\replays</Filter>
    </ClInclude>
    <ClInclude Include="..\..\src\replays\replaysMenu.h">
      <Filter>Source Files\project-files\replays</Filter>
    </ClInclude>
    <ClInclude Include="..\src\lib\bmpWriter.h">
      <Filter>Source Files\lib</Filter>
    </ClInclude>
    <ClInclude Include="..\..\src\controls\joypads\joypad.h">
      <Filter>Source Files\project-files\controls\joypads</Filter>
    </ClInclude>
    <ClInclude Include="..\..\src\controls\joypads\joypadConfig.h">
      <Filter>Source Files\project-files\controls\joypads</Filter>
    </ClInclude>
    <ClInclude Include="..\..\src\controls\joypads\joypadConfigRegister.h">
      <Filter>Source Files\project-files\controls\joypads</Filter>
    </ClInclude>
    <ClInclude Include="..\..\src\controls\joypads\joypadGuidConfig.h">
      <Filter>Source Files\project-files\controls\joypads</Filter>
    </ClInclude>
    <ClInclude Include="..\..\src\controls\joypads\joypads.h">
      <Filter>Source Files\project-files\controls\joypads</Filter>
    </ClInclude>
    <ClInclude Include="..\..\src\controls\joypads\sdlMappingParser.h">
      <Filter>Source Files\project-files\controls\joypads</Filter>
    </ClInclude>
    <ClInclude Include="..\..\src\controls\gameControlEvents.h">
      <Filter>Source Files\project-files\controls</Filter>
    </ClInclude>
    <ClInclude Include="..\..\src\controls\keyboard\keyboard.h">
      <Filter>Source Files\project-files\controls\keyboard</Filter>
    </ClInclude>
    <ClInclude Include="..\..\src\controls\keyboard\keyBuffer.h">
      <Filter>Source Files\project-files\controls\keyboard</Filter>
    </ClInclude>
    <ClInclude Include="..\..\src\controls\keyboard\keyConfig.h">
      <Filter>Source Files\project-files\controls\keyboard</Filter>
    </ClInclude>
    <ClInclude Include="..\..\src\controls\keyboard\scancodes.h">
      <Filter>Source Files\project-files\controls\keyboard</Filter>
    </ClInclude>
    <ClInclude Include="..\..\src\controls\mouse\mouse.h">
      <Filter>Source Files\project-files\controls\mouse</Filter>
    </ClInclude>
    <ClInclude Include="..\..\src\text\text.h">
      <Filter>Source Files\project-files\text</Filter>
    </ClInclude>
    <ClInclude Include="..\..\src\menus\mainMenu.h">
      <Filter>Source Files\project-files\menus</Filter>
    </ClInclude>
    <ClInclude Include="..\..\src\controls\joypads\VirtualJoypad.h">
      <Filter>Source Files\project-files\controls\joypads</Filter>
    </ClInclude>
    <ClInclude Include="..\..\src\controls\keyboard\setupKeyboardMenu.h">
      <Filter>Source Files\project-files\controls\keyboard</Filter>
    </ClInclude>
    <ClInclude Include="..\..\src\controls\selectGameControlEventsMenu.h">
      <Filter>Source Files\project-files\controls</Filter>
    </ClInclude>
    <ClInclude Include="..\..\src\controls\keyboard\redefineKeysMenu.h">
      <Filter>Source Files\project-files\controls\keyboard</Filter>
    </ClInclude>
    <ClInclude Include="..\..\src\controls\keyboard\testKeyboardMenu.h">
      <Filter>Source Files\project-files\controls\keyboard</Filter>
    </ClInclude>
    <ClInclude Include="..\..\src\controls\menuControls.h">
      <Filter>Source Files\project-files\controls</Filter>
    </ClInclude>
    <ClInclude Include="..\src\tests\SetupKeyboardMenuTest.h" />
    <ClInclude Include="..\..\src\controls\joypads\ui\configureAxisMenu.h">
      <Filter>Source Files\project-files\controls\joypads\ui</Filter>
    </ClInclude>
    <ClInclude Include="..\..\src\controls\joypads\ui\configureHatMenu.h">
      <Filter>Source Files\project-files\controls\joypads\ui</Filter>
    </ClInclude>
    <ClInclude Include="..\..\src\controls\joypads\ui\joypadConfigMenu.h">
      <Filter>Source Files\project-files\controls\joypads\ui</Filter>
    </ClInclude>
    <ClInclude Include="..\..\src\controls\joypads\ui\configureTrackballMenu.h">
      <Filter>Source Files\project-files\controls\joypads\ui</Filter>
    </ClInclude>
    <ClInclude Include="..\..\src\controls\joypads\ui\joypadQuickConfigMenu.h">
      <Filter>Source Files\project-files\controls\joypads\ui</Filter>
    </ClInclude>
    <ClInclude Include="..\..\src\controls\quickConfigMenu.h">
      <Filter>Source Files\project-files\controls</Filter>
    </ClInclude>
    <ClInclude Include="..\..\src\controls\joypads\JoypadElementValue.h">
      <Filter>Source Files\project-files\controls\joypads</Filter>
    </ClInclude>
    <ClInclude Include="..\..\src\controls\joypads\ui\testJoypadMenu.h">
      <Filter>Source Files\project-files\controls\joypads\ui</Filter>
    </ClInclude>
    <ClInclude Include="..\..\src\controls\testControlsMenu.h">
      <Filter>Source Files\project-files\controls</Filter>
    </ClInclude>
    <ClInclude Include="..\..\src\controls\selectMatchControls.h">
      <Filter>Source Files\project-files\controls</Filter>
    </ClInclude>
    <ClInclude Include="..\..\src\controls\gameControls.h">
      <Filter>Source Files\project-files\controls</Filter>
    </ClInclude>
    <ClInclude Include="..\src\tests\JoypadsTest.h">
      <Filter>Source Files\tests</Filter>
    </ClInclude>
    <ClInclude Include="..\src\mocks\mockWindowManager.h">
      <Filter>Source Files\mocks</Filter>
    </ClInclude>
    <ClInclude Include="..\..\src\text\textInput.h">
      <Filter>Source Files\project-files\text</Filter>
    </ClInclude>
    <ClInclude Include="..\..\src\video\windowModeMenu.h">
      <Filter>Source Files\project-files\video</Filter>
    </ClInclude>
    <ClInclude Include="..\..\src\sprites\sprites.h">
      <Filter>Source Files\project-files\sprites</Filter>
    </ClInclude>
    <ClInclude Include="..\..\src\game\game.h">
      <Filter>Source Files\project-files\game</Filter>
    </ClInclude>
    <ClInclude Include="..\..\src\game\gameTime.h">
      <Filter>Source Files\project-files\game</Filter>
    </ClInclude>
    <ClInclude Include="..\..\src\sprites\colorizeSprites.h">
      <Filter>Source Files\project-files\sprites</Filter>
    </ClInclude>
    <ClInclude Include="..\..\src\sprites\renderSprites.h">
      <Filter>Source Files\project-files\sprites</Filter>
    </ClInclude>
    <ClInclude Include="..\..\src\sprites\gameSprites.h">
      <Filter>Source Files\project-files\sprites</Filter>
    </ClInclude>
    <ClInclude Include="..\..\src\sprites\loadTexture.h">
      <Filter>Source Files\project-files\sprites</Filter>
    </ClInclude>
    <ClInclude Include="..\..\src\game\camera.h">
      <Filter>Source Files\project-files\game</Filter>
    </ClInclude>
    <ClInclude Include="..\..\src\game\darkRectangle.h">
      <Filter>Source Files\project-files\game</Filter>
    </ClInclude>
    <ClInclude Include="..\..\src\game\playerNameDisplay.h">
      <Filter>Source Files\project-files\game</Filter>
    </ClInclude>
    <ClInclude Include="..\..\src\sprites\spinningLogo.h">
      <Filter>Source Files\project-files\sprites</Filter>
    </ClInclude>
    <ClInclude Include="..\..\src\game\gameLoop.h">
      <Filter>Source Files\project-files\game</Filter>
    </ClInclude>
    <ClInclude Include="..\..\src\game\bench\bench.h">
      <Filter>Source Files\project-files\game\bench</Filter>
    </ClInclude>
    <ClInclude Include="..\..\src\util\random.h">
      <Filter>Source Files\project-files\util</Filter>
    </ClInclude>
    <ClInclude Include="..\..\src\game\bench\benchControls.h">
      <Filter>Source Files\project-files\game\bench</Filter>
    </ClInclude>
    <ClInclude Include="..\..\src\game\bench\drawBench.h">
      <Filter>Source Files\project-files\game\bench</Filter>
    </ClInclude>
    <ClInclude Include="..\..\src\game\color.h">
      <Filter>Source Files\project-files\game</Filter>
    </ClInclude>
    <ClInclude Include="..\..\src\menus\continueAbortMenu.h">
      <Filter>Source Files\project-files\menus</Filter>
    </ClInclude>
    <ClInclude Include="..\..\src\replays\hilFile.h">
      <Filter>Source Files\project-files\replays</Filter>
    </ClInclude>
    <ClInclude Include="..\..\src\game\stats.h">
      <Filter>Source Files\project-files\game</Filter>
    </ClInclude>
    <ClInclude Include="..\..\src\menus\engine\drawMenu.h">
      <Filter>Source Files\project-files\menus\engine</Filter>
    </ClInclude>
    <ClInclude Include="..\..\src\menus\engine\menuAlloc.h">
      <Filter>Source Files\project-files\menus\engine</Filter>
    </ClInclude>
    <ClInclude Include="..\..\src\menus\engine\menuBackground.h">
      <Filter>Source Files\project-files\menus\engine</Filter>
    </ClInclude>
    <ClInclude Include="..\..\src\menus\engine\MenuEntry.h">
      <Filter>Source Files\project-files\menus\engine</Filter>
    </ClInclude>
    <ClInclude Include="..\..\src\menus\engine\menuItemRenderer.h">
      <Filter>Source Files\project-files\menus\engine</Filter>
    </ClInclude>
    <ClInclude Include="..\..\src\menus\engine\menuMouse.h">
      <Filter>Source Files\project-files\menus\engine</Filter>
    </ClInclude>
    <ClInclude Include="..\..\src\menus\engine\menuProc.h">
      <Filter>Source Files\project-files\menus\engine</Filter>
    </ClInclude>
    <ClInclude Include="..\..\src\menus\engine\menus.h">
      <Filter>Source Files\project-files\menus\engine</Filter>
    </ClInclude>
    <ClInclude Include="..\..\src\menus\versusMenu.h">
      <Filter>Source Files\project-files\menus</Filter>
    </ClInclude>
    <ClInclude Include="..\..\src\menus\stadiumMenu.h">
      <Filter>Source Files\project-files\menus</Filter>
    </ClInclude>
    <ClInclude Include="..\..\src\menus\continueMenu.h">
      <Filter>Source Files\project-files\menus</Filter>
    </ClInclude>
    <ClInclude Include="..\..\src\replays\LegacyReplayConverter.h">
      <Filter>Source Files\project-files\replays</Filter>
    </ClInclude>
    <ClInclude Include="..\..\src\game\pitch\pitch.h">
      <Filter>Source Files\project-files\game\pitch</Filter>
    </ClInclude>
    <ClInclude Include="..\..\src\game\pitch\pitchConstants.h">
      <Filter>Source Files\project-files\game\pitch</Filter>
    </ClInclude>
    <ClInclude Include="..\..\src\game\referee.h">
      <Filter>Source Files\project-files\game</Filter>
    </ClInclude>
  </ItemGroup>
</Project>