
Microsoft Visual Studio Solution File, Format Version 12.00
# Visual Studio Version 16
VisualStudioVersion = 16.0.29230.47
MinimumVisualStudioVersion = 10.0.40219.1
Project("{8BC9CEB8-8B4A-11D0-8D11-00A0C91BC942}") = "swos-port", "swos-port.vcxproj", "{D4D7FBF9-503F-4213-8557-9A7EA57658A4}"
	ProjectSection(ProjectDependencies) = postProject
		{FAB9021D-E0DB-4023-B0F4-FC6881742D10} = {FAB9021D-E0DB-4023-B0F4-FC6881742D10}
		{2B8E77EC-DB8E-4665-85A0-58E98A6C34E8} = {2B8E77EC-DB8E-4665-85A0-58E98A6C34E8}
	EndProjectSection
EndProject
Project("{8BC9CEB8-8B4A-11D0-8D11-00A0C91BC942}") = "swos-asm", "swos-asm.vcxproj", "{2B8E77EC-DB8E-4665-85A0-58E98A6C34E8}"
	ProjectSection(ProjectDependencies) = postProject
		{FAB9021D-E0DB-4023-B0F4-FC6881742D10} = {FAB9021D-E0DB-4023-B0F4-FC6881742D10}
	EndProjectSection
EndProject
Project("{8BC9CEB8-8B4A-11D0-8D11-00A0C91BC942}") = "ida2asm", "ida2asm.vcxproj", "{FAB9021D-E0DB-4023-B0F4-FC6881742D10}"
EndProject
Project("{8BC9CEB8-8B4A-11D0-8D11-00A0C91BC942}") = "token-lookup-tester", "token-lookup-tester.vcxproj", "{BD161D45-F7F2-400C-9797-DC8A902C905E}"
	ProjectSection(ProjectDependencies) = postProject
		{FAB9021D-E0DB-4023-B0F4-FC6881742D10} = {FAB9021D-E0DB-4023-B0F4-FC6881742D10}
	EndProjectSection
EndProject
Project("{8BC9CEB8-8B4A-11D0-8D11-00A0C91BC942}") = "tests", "..\..\tests\vc-proj\tests.vcxproj", "{D2A66351-08F8-4356-8373-E45E792663B3}"
	ProjectSection(ProjectDependencies) = postProject
		{EABE2029-C1E5-4E1B-95C7-07812E6724CF} = {EABE2029-C1E5-4E1B-95C7-07812E6724CF}
		{D4D7FBF9-503F-4213-8557-9A7EA57658A4} = {D4D7FBF9-503F-4213-8557-9A7EA57658A4}
	EndProjectSection
EndProject
Project("{8BC9CEB8-8B4A-11D0-8D11-00A0C91BC942}") = "sdl-address-table-fetcher", "..\..\tests\sdl-address-table-fetcher\vc-proj\sdl-address-table-fetcher.vcxproj", "{EABE2029-C1E5-4E1B-95C7-07812E6724CF}"
EndProject
Global
	GlobalSection(SolutionConfigurationPlatforms) = preSolution
		Debug|x86 = Debug|x86
		Release|x86 = Release|x86
	EndGlobalSection
	GlobalSection(ProjectConfigurationPlatforms) = postSolution
		{D4D7FBF9-503F-4213-8557-9A7EA57658A4}.Debug|x86.ActiveCfg = Debug|Win32
		{D4D7FBF9-503F-4213-8557-9A7EA57658A4}.Debug|x86.Build.0 = Debug|Win32
		{D4D7FBF9-503F-4213-8557-9A7EA57658A4}.Release|x86.ActiveCfg = Release|Win32
		{D4D7FBF9-503F-4213-8557-9A7EA57658A4}.Release|x86.Build.0 = Release|Win32
		{2B8E77EC-DB8E-4665-85A0-58E98A6C34E8}.Debug|x86.ActiveCfg = Debug|Win32
		{2B8E77EC-DB8E-4665-85A0-58E98A6C34E8}.Debug|x86.Build.0 = Debug|Win32
		{2B8E77EC-DB8E-4665-85A0-58E98A6C34E8}.Release|x86.ActiveCfg = Release|Win32
		{2B8E77EC-DB8E-4665-85A0-58E98A6C34E8}.Release|x86.Build.0 = Release|Win32
		{FAB9021D-E0DB-4023-B0F4-FC6881742D10}.Debug|x86.ActiveCfg = Debug|Win32
		{FAB9021D-E0DB-4023-B0F4-FC6881742D10}.Debug|x86.Build.0 = Debug|Win32
		{FAB9021D-E0DB-4023-B0F4-FC6881742D10}.Release|x86.ActiveCfg = Release|Win32
		{FAB9021D-E0DB-4023-B0F4-FC6881742D10}.Release|x86.Build.0 = Release|Win32
		{BD161D45-F7F2-400C-9797-DC8A902C905E}.Debug|x86.ActiveCfg = Debug|Win32
		{BD161D45-F7F2-400C-9797-DC8A902C905E}.Debug|x86.Build.0 = Debug|Win32
		{BD161D45-F7F2-400C-9797-DC8A902C905E}.Release|x86.ActiveCfg = Release|Win32
		{BD161D45-F7F2-400C-9797-DC8A902C905E}.Release|x86.Build.0 = Release|Win32
		{D2A66351-08F8-4356-8373-E45E792663B3}.Debug|x86.ActiveCfg = Debug|Win32
		{D2A66351-08F8-4356-8373-E45E792663B3}.Debug|x86.Build.0 = Debug|Win32
		{D2A66351-08F8-4356-8373-E45E792663B3}.Release|x86.ActiveCfg = Release|Win32
		{D2A66351-08F8-4356-8373-E45E792663B3}.Release|x86.Build.0 = Release|Win32
		{EABE2029-C1E5-4E1B-95C7-07812E6724CF}.Debug|x86.ActiveCfg = Debug|Win32
		{EABE2029-C1E5-4E1B-95C7-07812E6724CF}.Debug|x86.Build.0 = Debug|Win32
		{EABE2029-C1E5-4E1B-95C7-07812E6724CF}.Release|x86.ActiveCfg = Release|Win32
		{EABE2029-C1E5-4E1B-95C7-07812E6724CF}.Release|x86.Build.0 = Release|Win32
	EndGlobalSection
	GlobalSection(SolutionProperties) = preSolution
		HideSolutionNode = FALSE
	EndGlobalSection
	GlobalSection(ExtensibilityGlobals) = postSolution
		SolutionGuid = {8AFDC65C-B406-4A16-9FC6-05DF30207A39}
	EndGlobalSection
EndGlobal
