<?xml version="1.0" encoding="utf-8"?>
<Project ToolsVersion="4.0" xmlns="http://schemas.microsoft.com/developer/msbuild/2003">
  <ItemGroup>
    <ClInclude Include="..\..\..\src\audio\audio.h">
      <Filter>Source Files\audio</Filter>
    </ClInclude>
    <ClInclude Include="..\..\..\src\audio\chants.h">
      <Filter>Source Files\audio</Filter>
    </ClInclude>
    <ClInclude Include="..\..\..\src\audio\comments.h">
      <Filter>Source Files\audio</Filter>
    </ClInclude>
    <ClInclude Include="..\..\..\src\audio\music.h">
      <Filter>Source Files\audio</Filter>
    </ClInclude>
    <ClInclude Include="..\..\..\src\audio\sfx.h">
      <Filter>Source Files\audio</Filter>
    </ClInclude>
    <ClInclude Include="..\..\..\src\audio\SoundSample.h">
      <Filter>Source Files\audio</Filter>
    </ClInclude>
    <ClInclude Include="..\..\..\src\audio\wavFormat.h">
      <Filter>Source Files\audio</Filter>
    </ClInclude>
    <ClInclude Include="..\..\..\src\controls\controlOptionsMenu.h">
      <Filter>Source Files\controls</Filter>
    </ClInclude>
    <ClInclude Include="..\..\..\src\controls\controls.h">
      <Filter>Source Files\controls</Filter>
    </ClInclude>
    <ClInclude Include="..\..\..\src\debug\dump.h">
      <Filter>Source Files\debug</Filter>
    </ClInclude>
    <ClInclude Include="..\..\..\src\files\file.h">
      <Filter>Source Files\files</Filter>
    </ClInclude>
    <ClInclude Include="..\..\..\src\files\selectFilesMenu.h">
      <Filter>Source Files\files</Filter>
    </ClInclude>
    <ClInclude Include="..\..\..\src\menus\mainMenu.h">
      <Filter>Source Files\menus</Filter>
    </ClInclude>
    <ClInclude Include="..\..\..\src\menus\menus.h">
      <Filter>Source Files\menus</Filter>
    </ClInclude>
    <ClInclude Include="..\..\..\src\menus\menuCodes.h">
      <Filter>Source Files\menus</Filter>
    </ClInclude>
    <ClInclude Include="..\..\..\src\menus\menuMouse.h">
      <Filter>Source Files\menus</Filter>
    </ClInclude>
    <ClInclude Include="..\..\..\src\replays\ReplayData.h">
      <Filter>Source Files\replays</Filter>
    </ClInclude>
    <ClInclude Include="..\..\..\src\replays\replayOptions.h">
      <Filter>Source Files\replays</Filter>
    </ClInclude>
    <ClInclude Include="..\..\..\src\replays\replays.h">
      <Filter>Source Files\replays</Filter>
    </ClInclude>
    <ClInclude Include="..\..\..\src\replays\replaysMenu.h">
      <Filter>Source Files\replays</Filter>
    </ClInclude>
    <ClInclude Include="..\..\..\src\util\fetch.h">
      <Filter>Source Files\util</Filter>
    </ClInclude>
    <ClInclude Include="..\..\..\src\util\util.h">
      <Filter>Source Files\util</Filter>
    </ClInclude>
    <ClInclude Include="..\..\..\src\video\render.h">
      <Filter>Source Files\video</Filter>
    </ClInclude>
    <ClInclude Include="..\..\..\src\android\pch.h">
      <Filter>Source Files\android</Filter>
    </ClInclude>
    <ClInclude Include="..\..\..\src\assert.h">
      <Filter>Source Files</Filter>
    </ClInclude>
    <ClInclude Include="..\..\..\src\crash.h">
      <Filter>Source Files</Filter>
    </ClInclude>
    <ClInclude Include="..\..\..\src\options.h">
      <Filter>Source Files</Filter>
    </ClInclude>
    <ClInclude Include="..\..\..\src\stdinc.h">
      <Filter>Source Files</Filter>
    </ClInclude>
    <ClInclude Include="..\..\..\src\swos.h">
      <Filter>Source Files</Filter>
    </ClInclude>
    <ClInclude Include="..\..\..\src\text\text.h">
      <Filter>Source Files\text</Filter>
    </ClInclude>
    <ClInclude Include="..\..\..\src\menus\drawMenu.h">
      <Filter>Source Files\menus</Filter>
    </ClInclude>
    <ClInclude Include="..\..\..\src\controls\joypads\joypads.h">
      <Filter>Source Files\controls\joypads</Filter>
    </ClInclude>
    <ClInclude Include="..\..\..\src\controls\joypads\Joypad.h">
      <Filter>Source Files\controls\joypads</Filter>
    </ClInclude>
    <ClInclude Include="..\..\..\src\controls\joypads\JoypadConfig.h">
      <Filter>Source Files\controls\joypads</Filter>
    </ClInclude>
    <ClInclude Include="..\..\..\src\controls\joypads\JoypadConfigRegister.h">
      <Filter>Source Files\controls\joypads</Filter>
    </ClInclude>
    <ClInclude Include="..\..\..\src\controls\joypads\JoypadGuidConfig.h">
      <Filter>Source Files\controls\joypads</Filter>
    </ClInclude>
    <ClInclude Include="..\..\..\src\controls\joypads\SdlMappingParser.h">
      <Filter>Source Files\controls\joypads</Filter>
    </ClInclude>
    <ClInclude Include="..\..\..\src\controls\keyboard\keyBuffer.h">
      <Filter>Source Files\controls\keyboard</Filter>
    </ClInclude>
    <ClInclude Include="..\..\..\src\controls\keyboard\scanCodes.h">
      <Filter>Source Files\controls\keyboard</Filter>
    </ClInclude>
    <ClInclude Include="..\..\..\src\controls\gameControlEvents.h">
      <Filter>Source Files\controls</Filter>
    </ClInclude>
    <ClInclude Include="..\..\..\src\controls\keyboard\keyboard.h">
      <Filter>Source Files\controls\keyboard</Filter>
    </ClInclude>
    <ClInclude Include="..\..\..\src\controls\keyboard\KeyConfig.h">
      <Filter>Source Files\controls\keyboard</Filter>
    </ClInclude>
    <ClInclude Include="..\..\..\src\controls\mouse\mouse.h">
      <Filter>Source Files\controls\mouse</Filter>
    </ClInclude>
    <ClInclude Include="..\..\..\src\controls\joypads\VirtualJoypad.h">
      <Filter>Source Files\controls\joypads</Filter>
    </ClInclude>
    <ClInclude Include="..\..\..\src\controls\keyboard\setupKeyboardMenu.h">
      <Filter>Source Files\controls\keyboard</Filter>
    </ClInclude>
    <ClInclude Include="..\..\..\src\controls\selectGameControlEventsMenu.h">
      <Filter>Source Files\controls</Filter>
    </ClInclude>
    <ClInclude Include="..\..\..\src\controls\keyboard\redefineKeysMenu.h">
      <Filter>Source Files\controls\keyboard</Filter>
    </ClInclude>
    <ClInclude Include="..\..\..\src\controls\keyboard\testKeyboardMenu.h">
      <Filter>Source Files\controls\keyboard</Filter>
    </ClInclude>
    <ClInclude Include="..\..\..\src\controls\menuControls.h">
      <Filter>Source Files\controls</Filter>
    </ClInclude>
    <ClInclude Include="..\..\..\src\controls\joypads\ui\configureAxisMenu.h">
      <Filter>Source Files\controls\joypads\ui</Filter>
    </ClInclude>
    <ClInclude Include="..\..\..\src\controls\joypads\ui\configureHatMenu.h">
      <Filter>Source Files\controls\joypads\ui</Filter>
    </ClInclude>
    <ClInclude Include="..\..\..\src\controls\joypads\ui\joypadConfigMenu.h">
      <Filter>Source Files\controls\joypads\ui</Filter>
    </ClInclude>
    <ClInclude Include="..\..\..\src\controls\joypads\ui\configureTrackballMenu.h">
      <Filter>Source Files\controls\joypads\ui</Filter>
    </ClInclude>
    <ClInclude Include="..\..\..\src\controls\joypads\ui\joypadQuickConfigMenu.h">
      <Filter>Source Files\controls\joypads\ui</Filter>
    </ClInclude>
    <ClInclude Include="..\..\..\src\controls\quickConfigMenu.h">
      <Filter>Source Files\controls</Filter>
    </ClInclude>
    <ClInclude Include="..\..\..\src\controls\joypads\JoypadElementValue.h">
      <Filter>Source Files\controls\joypads</Filter>
    </ClInclude>
    <ClInclude Include="..\..\..\src\controls\joypads\ui\testJoypadMenu.h">
      <Filter>Source Files\controls\joypads\ui</Filter>
    </ClInclude>
    <ClInclude Include="..\..\..\src\controls\testControlsMenu.h">
      <Filter>Source Files\controls</Filter>
    </ClInclude>
    <ClInclude Include="..\..\..\src\controls\selectMatchControls.h">
      <Filter>Source Files\controls</Filter>
    </ClInclude>
    <ClInclude Include="..\..\..\src\controls\gameControls.h">
      <Filter>Source Files\controls</Filter>
    </ClInclude>
    <ClInclude Include="..\..\..\src\video\windowManager.h">
      <Filter>Source Files\video</Filter>
    </ClInclude>
    <ClInclude Include="..\..\..\src\video\videoOptionsMenu.h">
      <Filter>Source Files\video</Filter>
    </ClInclude>
    <ClInclude Include="..\..\..\src\text\textInput.h">
      <Filter>Source Files\text</Filter>
    </ClInclude>
    <ClInclude Include="..\..\..\src\video\windowModeMenu.h">
      <Filter>Source Files\video</Filter>
    </ClInclude>
    <ClInclude Include="..\..\..\src\menus\menuItemRenderer.h">
      <Filter>Source Files\menus</Filter>
    </ClInclude>
    <ClInclude Include="..\..\..\src\menus\menuProc.h">
      <Filter>Source Files\menus</Filter>
    </ClInclude>
    <ClInclude Include="..\..\..\src\menus\MenuEntry.h">
      <Filter>Source Files\menus</Filter>
    </ClInclude>
    <ClInclude Include="..\..\..\src\menus\menuBackground.h">
      <Filter>Source Files\menus</Filter>
    </ClInclude>
    <ClInclude Include="..\..\..\src\menus\menuAlloc.h">
      <Filter>Source Files\menus</Filter>
    </ClInclude>
    <ClInclude Include="..\..\..\src\sprites\sprites.h">
      <Filter>Source Files\sprites</Filter>
    </ClInclude>
    <ClInclude Include="..\..\..\src\game\game.h">
      <Filter>Source Files\game</Filter>
    </ClInclude>
    <ClInclude Include="..\..\..\src\game\gameTime.h">
      <Filter>Source Files\game</Filter>
    </ClInclude>
    <ClInclude Include="..\..\..\src\sprites\colorizeSprites.h">
      <Filter>Source Files\sprites</Filter>
    </ClInclude>
    <ClInclude Include="..\..\..\src\game\pitch.h">
      <Filter>Source Files\game</Filter>
    </ClInclude>
    <ClInclude Include="..\..\..\src\util\log.h">
      <Filter>Source Files\util</Filter>
    </ClInclude>
    <ClInclude Include="..\..\..\src\sprites\loadTexture.h">
      <Filter>Source Files\sprites</Filter>
    </ClInclude>
    <ClInclude Include="..\..\..\src\game\camera.h">
      <Filter>Source Files\game</Filter>
    </ClInclude>
  </ItemGroup>
  <ItemGroup>
    <Filter Include="Source Files">
      <UniqueIdentifier>{446c3088-a312-4bd9-a62b-036b46ac4f1a}</UniqueIdentifier>
    </Filter>
    <Filter Include="Source Files\audio">
      <UniqueIdentifier>{59614996-c9ce-450c-8d31-f690c2e2fc03}</UniqueIdentifier>
    </Filter>
    <Filter Include="Source Files\controls">
      <UniqueIdentifier>{02e2e7b0-c26a-4f26-a543-84b6a70cc853}</UniqueIdentifier>
    </Filter>
    <Filter Include="Source Files\debug">
      <UniqueIdentifier>{b5a0bc12-5591-4d0e-a2f7-d4840646a52e}</UniqueIdentifier>
    </Filter>
    <Filter Include="Source Files\files">
      <UniqueIdentifier>{a349dca6-6508-4717-9b94-e4363ceed7be}</UniqueIdentifier>
    </Filter>
    <Filter Include="Source Files\menus">
      <UniqueIdentifier>{21500068-e1d0-464b-aa3d-4153293d522d}</UniqueIdentifier>
    </Filter>
    <Filter Include="Source Files\substitutes">
      <UniqueIdentifier>{10d6b7c5-9c6d-48d1-99dc-152d63982688}</UniqueIdentifier>
    </Filter>
    <Filter Include="Source Files\video">
      <UniqueIdentifier>{67e44202-240d-4761-ad7a-be37f9d1d01c}</UniqueIdentifier>
    </Filter>
    <Filter Include="Source Files\util">
      <UniqueIdentifier>{9e7f9490-e380-4d43-9773-e7a041fb2114}</UniqueIdentifier>
    </Filter>
    <Filter Include="Source Files\swos-cpp">
      <UniqueIdentifier>{44dc1d5e-37b5-40e0-b8e9-b8cbd4288d45}</UniqueIdentifier>
    </Filter>
    <Filter Include="Source Files\replays">
      <UniqueIdentifier>{6d13b094-db2a-4528-8283-f6da4f8dd749}</UniqueIdentifier>
    </Filter>
    <Filter Include="Source Files\android">
      <UniqueIdentifier>{76608d68-640f-4b0e-b111-c9d3e90d2fb7}</UniqueIdentifier>
    </Filter>
    <Filter Include="ConvertUTF">
      <UniqueIdentifier>{dccc900f-61e6-4068-baf8-bf38240b7d57}</UniqueIdentifier>
    </Filter>
    <Filter Include="Source Files\text">
      <UniqueIdentifier>{4743f581-fde5-4078-9567-e0c1834b74fe}</UniqueIdentifier>
    </Filter>
    <Filter Include="Source Files\menus\mnu">
      <UniqueIdentifier>{7c577fa3-9507-4369-9de0-3e2ac99f6ea5}</UniqueIdentifier>
    </Filter>
    <Filter Include="Source Files\controls\joypads">
      <UniqueIdentifier>{00c93686-86d7-490b-836f-8dae831c9d6a}</UniqueIdentifier>
    </Filter>
    <Filter Include="Source Files\controls\keyboard">
      <UniqueIdentifier>{422d74e1-7a90-4045-b138-7b1f8eb157f9}</UniqueIdentifier>
    </Filter>
    <Filter Include="Source Files\controls\mouse">
      <UniqueIdentifier>{c2614ab8-6381-4dd3-a3a6-0a4312518f73}</UniqueIdentifier>
    </Filter>
    <Filter Include="Source Files\controls\joypads\ui">
      <UniqueIdentifier>{3de1dad7-dc41-48ee-90ec-590d3d5de456}</UniqueIdentifier>
    </Filter>
    <Filter Include="Source Files\sprites">
      <UniqueIdentifier>{3f812fc3-eb0e-405e-9b21-a85827f333ef}</UniqueIdentifier>
    </Filter>
    <Filter Include="Source Files\game">
      <UniqueIdentifier>{610c4129-7816-4a21-8965-2e0a657b0ef5}</UniqueIdentifier>
    </Filter>
  </ItemGroup>
  <ItemGroup>
    <ClCompile Include="..\..\..\src\audio\audio.cpp">
      <Filter>Source Files\audio</Filter>
    </ClCompile>
    <ClCompile Include="..\..\..\src\audio\chants.cpp">
      <Filter>Source Files\audio</Filter>
    </ClCompile>
    <ClCompile Include="..\..\..\src\audio\comments.cpp">
      <Filter>Source Files\audio</Filter>
    </ClCompile>
    <ClCompile Include="..\..\..\src\audio\music.cpp">
      <Filter>Source Files\audio</Filter>
    </ClCompile>
    <ClCompile Include="..\..\..\src\audio\sfx.cpp">
      <Filter>Source Files\audio</Filter>
    </ClCompile>
    <ClCompile Include="..\..\..\src\audio\SoundSample.cpp">
      <Filter>Source Files\audio</Filter>
    </ClCompile>
    <ClCompile Include="..\..\..\src\controls\controlOptionsMenu.cpp">
      <Filter>Source Files\controls</Filter>
    </ClCompile>
    <ClCompile Include="..\..\..\src\controls\controls.cpp">
      <Filter>Source Files\controls</Filter>
    </ClCompile>
    <ClCompile Include="..\..\..\src\debug\dump.cpp">
      <Filter>Source Files\debug</Filter>
    </ClCompile>
    <ClCompile Include="..\..\..\src\files\file.cpp">
      <Filter>Source Files\files</Filter>
    </ClCompile>
    <ClCompile Include="..\..\..\src\files\selectFilesMenu.cpp">
      <Filter>Source Files\files</Filter>
    </ClCompile>
    <ClCompile Include="..\..\..\src\menus\mainMenu.cpp">
      <Filter>Source Files\menus</Filter>
    </ClCompile>
    <ClCompile Include="..\..\..\src\menus\menus.cpp">
      <Filter>Source Files\menus</Filter>
    </ClCompile>
    <ClCompile Include="..\..\..\src\menus\menuMouse.cpp">
      <Filter>Source Files\menus</Filter>
    </ClCompile>
    <ClCompile Include="..\..\..\src\menus\unpackMenu.cpp">
      <Filter>Source Files\menus</Filter>
    </ClCompile>
    <ClCompile Include="..\..\..\src\replays\ReplayData.cpp">
      <Filter>Source Files\replays</Filter>
    </ClCompile>
    <ClCompile Include="..\..\..\src\replays\replayOptions.cpp">
      <Filter>Source Files\replays</Filter>
    </ClCompile>
    <ClCompile Include="..\..\..\src\replays\replays.cpp">
      <Filter>Source Files\replays</Filter>
    </ClCompile>
    <ClCompile Include="..\..\..\src\replays\replaysMenu.cpp">
      <Filter>Source Files\replays</Filter>
    </ClCompile>
    <ClCompile Include="..\..\..\src\substitutes\substitutes.cpp">
      <Filter>Source Files\substitutes</Filter>
    </ClCompile>
    <ClCompile Include="..\..\..\src\util\util.cpp">
      <Filter>Source Files\util</Filter>
    </ClCompile>
    <ClCompile Include="..\..\..\src\video\render.cpp">
      <Filter>Source Files\video</Filter>
    </ClCompile>
    <ClCompile Include="..\..\..\src\video\videoOptionsMenu.cpp">
      <Filter>Source Files\video</Filter>
    </ClCompile>
    <ClCompile Include="..\..\..\src\crash.cpp">
      <Filter>Source Files</Filter>
    </ClCompile>
    <ClCompile Include="..\..\..\src\init.cpp">
      <Filter>Source Files</Filter>
    </ClCompile>
    <ClCompile Include="..\..\..\src\main.cpp">
      <Filter>Source Files</Filter>
    </ClCompile>
    <ClCompile Include="..\..\..\src\options.cpp">
      <Filter>Source Files</Filter>
    </ClCompile>
    <ClCompile Include="..\..\..\src\text\text.cpp">
      <Filter>Source Files\text</Filter>
    </ClCompile>
    <ClCompile Include="..\..\..\src\menus\drawMenu.cpp">
      <Filter>Source Files\menus</Filter>
    </ClCompile>
    <ClCompile Include="..\..\..\src\controls\joypads\joypads.cpp">
      <Filter>Source Files\controls\joypads</Filter>
    </ClCompile>
    <ClCompile Include="..\..\..\src\controls\joypads\Joypad.cpp">
      <Filter>Source Files\controls\joypads</Filter>
    </ClCompile>
    <ClCompile Include="..\..\..\src\controls\joypads\JoypadConfig.cpp">
      <Filter>Source Files\controls\joypads</Filter>
    </ClCompile>
    <ClCompile Include="..\..\..\src\controls\joypads\JoypadConfigRegister.cpp">
      <Filter>Source Files\controls\joypads</Filter>
    </ClCompile>
    <ClCompile Include="..\..\..\src\controls\joypads\JoypadGuidConfig.cpp">
      <Filter>Source Files\controls\joypads</Filter>
    </ClCompile>
    <ClCompile Include="..\..\..\src\controls\joypads\SdlMappingParser.cpp">
      <Filter>Source Files\controls\joypads</Filter>
    </ClCompile>
    <ClCompile Include="..\..\..\src\controls\keyboard\keyBuffer.cpp">
      <Filter>Source Files\controls\keyboard</Filter>
    </ClCompile>
    <ClCompile Include="..\..\..\src\controls\keyboard\scanCodes.cpp">
      <Filter>Source Files\controls\keyboard</Filter>
    </ClCompile>
    <ClCompile Include="..\..\..\src\controls\keyboard\keyboard.cpp">
      <Filter>Source Files\controls\keyboard</Filter>
    </ClCompile>
    <ClCompile Include="..\..\..\src\controls\keyboard\KeyConfig.cpp">
      <Filter>Source Files\controls\keyboard</Filter>
    </ClCompile>
    <ClCompile Include="..\..\..\src\controls\mouse\mouse.cpp">
      <Filter>Source Files\controls\mouse</Filter>
    </ClCompile>
    <ClCompile Include="..\..\..\src\controls\joypads\VirtualJoypad.cpp">
      <Filter>Source Files\controls\joypads</Filter>
    </ClCompile>
    <ClCompile Include="..\..\..\src\controls\keyboard\setupKeyboardMenu.cpp">
      <Filter>Source Files\controls\keyboard</Filter>
    </ClCompile>
    <ClCompile Include="..\..\..\src\controls\gameControlEvents.cpp">
      <Filter>Source Files\controls</Filter>
    </ClCompile>
    <ClCompile Include="..\..\..\lib\src\ConvertUTF\ConvertUTF.cpp" />
    <ClCompile Include="..\..\..\src\controls\selectGameControlEventsMenu.cpp">
      <Filter>Source Files\controls</Filter>
    </ClCompile>
    <ClCompile Include="..\..\..\src\controls\keyboard\redefineKeysMenu.cpp">
      <Filter>Source Files\controls\keyboard</Filter>
    </ClCompile>
    <ClCompile Include="..\..\..\src\controls\keyboard\testKeyboardMenu.cpp">
      <Filter>Source Files\controls\keyboard</Filter>
    </ClCompile>
    <ClCompile Include="..\..\..\src\menus\menuProc.cpp">
      <Filter>Source Files\menus</Filter>
    </ClCompile>
    <ClCompile Include="..\..\..\src\controls\menuControls.cpp">
      <Filter>Source Files\controls</Filter>
    </ClCompile>
    <ClCompile Include="..\..\..\src\controls\joypads\ui\configureAxisMenu.cpp">
      <Filter>Source Files\controls\joypads\ui</Filter>
    </ClCompile>
    <ClCompile Include="..\..\..\src\controls\joypads\ui\configureHatMenu.cpp">
      <Filter>Source Files\controls\joypads\ui</Filter>
    </ClCompile>
    <ClCompile Include="..\..\..\src\controls\joypads\ui\joypadConfigMenu.cpp">
      <Filter>Source Files\controls\joypads\ui</Filter>
    </ClCompile>
    <ClCompile Include="..\..\..\src\controls\joypads\ui\configureTrackballMenu.cpp">
      <Filter>Source Files\controls\joypads\ui</Filter>
    </ClCompile>
    <ClCompile Include="..\..\..\src\controls\joypads\ui\joypadQuickConfigMenu.cpp">
      <Filter>Source Files\controls\joypads\ui</Filter>
    </ClCompile>
    <ClCompile Include="..\..\..\src\controls\quickConfigMenu.cpp">
      <Filter>Source Files\controls</Filter>
    </ClCompile>
    <ClCompile Include="..\..\..\src\controls\joypads\ui\testJoypadMenu.cpp">
      <Filter>Source Files\controls\joypads\ui</Filter>
    </ClCompile>
    <ClCompile Include="..\..\..\src\controls\testControlsMenu.cpp">
      <Filter>Source Files\controls</Filter>
    </ClCompile>
    <ClCompile Include="..\..\..\src\controls\joypads\JoypadElementValue.cpp">
      <Filter>Source Files\controls\joypads</Filter>
    </ClCompile>
    <ClCompile Include="..\..\..\src\controls\selectMatchControls.cpp">
      <Filter>Source Files\controls</Filter>
    </ClCompile>
    <ClCompile Include="..\..\..\src\controls\gameControls.cpp">
      <Filter>Source Files\controls</Filter>
    </ClCompile>
    <ClCompile Include="..\..\..\src\video\windowManager.cpp">
      <Filter>Source Files\video</Filter>
    </ClCompile>
    <ClCompile Include="..\..\..\src\text\textInput.cpp">
      <Filter>Source Files\text</Filter>
    </ClCompile>
    <ClCompile Include="..\..\..\src\video\windowModeMenu.cpp">
      <Filter>Source Files\video</Filter>
    </ClCompile>
    <ClCompile Include="..\..\..\src\menus\menuItemRenderer.cpp">
      <Filter>Source Files\menus</Filter>
    </ClCompile>
    <ClCompile Include="..\..\..\src\menus\MenuEntry.cpp">
      <Filter>Source Files\menus</Filter>
    </ClCompile>
    <ClCompile Include="..\..\..\src\menus\menuBackground.cpp">
      <Filter>Source Files\menus</Filter>
    </ClCompile>
    <ClCompile Include="..\..\..\src\menus\menuAlloc.cpp">
      <Filter>Source Files\menus</Filter>
    </ClCompile>
    <ClCompile Include="..\..\..\src\sprites\sprites.cpp">
      <Filter>Source Files\sprites</Filter>
    </ClCompile>
    <ClCompile Include="..\..\..\src\game\game.cpp">
      <Filter>Source Files\game</Filter>
    </ClCompile>
    <ClCompile Include="..\..\..\src\game\gameTime.cpp">
      <Filter>Source Files\game</Filter>
    </ClCompile>
    <ClCompile Include="..\..\..\tmp\swos-cpp-gen-32\swos-01.cpp">
      <Filter>Source Files\swos-cpp</Filter>
    </ClCompile>
    <ClCompile Include="..\..\..\tmp\swos-cpp-gen-32\swos-02.cpp">
      <Filter>Source Files\swos-cpp</Filter>
    </ClCompile>
    <ClCompile Include="..\..\..\tmp\swos-cpp-gen-32\swos-03.cpp">
      <Filter>Source Files\swos-cpp</Filter>
    </ClCompile>
    <ClCompile Include="..\..\..\tmp\swos-cpp-gen-32\swos-04.cpp">
      <Filter>Source Files\swos-cpp</Filter>
    </ClCompile>
    <ClCompile Include="..\..\..\tmp\swos-cpp-gen-32\swos-05.cpp">
      <Filter>Source Files\swos-cpp</Filter>
    </ClCompile>
    <ClCompile Include="..\..\..\tmp\swos-cpp-gen-32\swos-06.cpp">
      <Filter>Source Files\swos-cpp</Filter>
    </ClCompile>
    <ClCompile Include="..\..\..\tmp\swos-cpp-gen-32\swos-07.cpp">
      <Filter>Source Files\swos-cpp</Filter>
    </ClCompile>
    <ClCompile Include="..\..\..\tmp\swos-cpp-gen-32\swos-08.cpp">
      <Filter>Source Files\swos-cpp</Filter>
    </ClCompile>
    <ClCompile Include="..\..\..\src\game\replayExitMenu.cpp">
      <Filter>Source Files\game</Filter>
    </ClCompile>
    <ClCompile Include="..\..\..\src\sprites\colorizeSprites.cpp">
      <Filter>Source Files\sprites</Filter>
    </ClCompile>
    <ClCompile Include="..\..\..\tmp\swos-cpp-gen-32\vm.cpp">
      <Filter>Source Files\swos-cpp</Filter>
    </ClCompile>
    <ClCompile Include="..\..\..\src\game\pitch.cpp">
      <Filter>Source Files\game</Filter>
    </ClCompile>
    <ClCompile Include="..\..\..\src\util\log.cpp">
      <Filter>Source Files\util</Filter>
    </ClCompile>
    <ClCompile Include="..\..\..\src\sprites\loadTexture.cpp">
      <Filter>Source Files\sprites</Filter>
    </ClCompile>
    <ClCompile Include="..\..\..\src\game\camera.cpp">
      <Filter>Source Files\game</Filter>
    </ClCompile>
    <ClCompile Include="..\..\..\src\game\result.cpp">
      <Filter>Source Files\game</Filter>
    </ClCompile>
  </ItemGroup>
</Project>